// !$*UTF8*$!
{
	archiveVersion = 1;
	classes = {
	};
	objectVersion = 46;
	objects = {

/* Begin PBXBuildFile section */
		3661E5B91E0E1BD900601402 /* CoreData.framework in Frameworks */ = {isa = PBXBuildFile; fileRef = 3661E5B81E0E1BD900601402 /* CoreData.framework */; };
		3661E5BB1E0E1CB500601402 /* DataController.swift in Sources */ = {isa = PBXBuildFile; fileRef = 3661E5BA1E0E1CB500601402 /* DataController.swift */; };
		3661E5BE1E0E298600601402 /* Table+CoreDataProperties.swift in Sources */ = {isa = PBXBuildFile; fileRef = 3661E5BC1E0E298600601402 /* Table+CoreDataProperties.swift */; };
		3661E5BF1E0E298600601402 /* Table.swift in Sources */ = {isa = PBXBuildFile; fileRef = 3661E5BD1E0E298600601402 /* Table.swift */; };
		3661E5C21E0E318500601402 /* HighScore+CoreDataProperties.swift in Sources */ = {isa = PBXBuildFile; fileRef = 3661E5C01E0E318500601402 /* HighScore+CoreDataProperties.swift */; };
		3661E5C31E0E318500601402 /* HighScore.swift in Sources */ = {isa = PBXBuildFile; fileRef = 3661E5C11E0E318500601402 /* HighScore.swift */; };
		366A42251E0D0CBC006F0B1D /* DataModel.xcdatamodeld in Sources */ = {isa = PBXBuildFile; fileRef = 366A42231E0D0CBC006F0B1D /* DataModel.xcdatamodeld */; };
		366BAEDF1E0B069000C223EA /* HighScoreTableViewCell.swift in Sources */ = {isa = PBXBuildFile; fileRef = 366BAEDE1E0B069000C223EA /* HighScoreTableViewCell.swift */; };
		367470591E2EAD0E007228EC /* Fabric.framework in Frameworks */ = {isa = PBXBuildFile; fileRef = 367470571E2EAD0E007228EC /* Fabric.framework */; };
		368C58C31E0B28AD0008C8B0 /* HighScoreViewController.swift in Sources */ = {isa = PBXBuildFile; fileRef = 368C58C21E0B28AD0008C8B0 /* HighScoreViewController.swift */; };
		36919FBB1E405B43000A7647 /* SummaryCell.swift in Sources */ = {isa = PBXBuildFile; fileRef = 36919FBA1E405B43000A7647 /* SummaryCell.swift */; };
		36919FBD1E406478000A7647 /* SummaryCollectionViewController.swift in Sources */ = {isa = PBXBuildFile; fileRef = 36919FBC1E406478000A7647 /* SummaryCollectionViewController.swift */; };
		36919FBF1E406E6E000A7647 /* SummaryCollectionView.swift in Sources */ = {isa = PBXBuildFile; fileRef = 36919FBE1E406E6E000A7647 /* SummaryCollectionView.swift */; };
		36969D6A1DFD290F00F95635 /* MainViewDataSource.swift in Sources */ = {isa = PBXBuildFile; fileRef = 36969D691DFD290F00F95635 /* MainViewDataSource.swift */; };
		36C69ECF1D80A5DE0072CFFA /* SystemConfiguration.framework in Frameworks */ = {isa = PBXBuildFile; fileRef = 8429E1491D2C494300920987 /* SystemConfiguration.framework */; };
		36C69ED71D80A6610072CFFA /* ATKMathWidget.bundle in Resources */ = {isa = PBXBuildFile; fileRef = 36C69ED61D80A6610072CFFA /* ATKMathWidget.bundle */; };
		36C69ED91D80A6850072CFFA /* resources.bundle in Resources */ = {isa = PBXBuildFile; fileRef = 36C69ED81D80A6850072CFFA /* resources.bundle */; };
		36DFEBEA1DDCDDD200DF333D /* MainView.swift in Sources */ = {isa = PBXBuildFile; fileRef = 36DFEBE91DDCDDD200DF333D /* MainView.swift */; };
		36F5B09720E16C7C003AA258 /* Problem.swift in Sources */ = {isa = PBXBuildFile; fileRef = 36F5B09620E16C7C003AA258 /* Problem.swift */; };
		36FE163B1E42C44600566F9E /* SummaryHeaderView.swift in Sources */ = {isa = PBXBuildFile; fileRef = 36FE163A1E42C44600566F9E /* SummaryHeaderView.swift */; };
		450952F71E8DB06D00013AA6 /* ATKCore.framework in Frameworks */ = {isa = PBXBuildFile; fileRef = 450952F41E8DB06D00013AA6 /* ATKCore.framework */; };
		450952F81E8DB06D00013AA6 /* ATKMath.framework in Frameworks */ = {isa = PBXBuildFile; fileRef = 450952F51E8DB06D00013AA6 /* ATKMath.framework */; };
		450952F91E8DB06D00013AA6 /* ATKMathWidget.framework in Frameworks */ = {isa = PBXBuildFile; fileRef = 450952F61E8DB06D00013AA6 /* ATKMathWidget.framework */; };
		45F91BD81E81C86500E26D3D /* org.iolani.inhouse.KnowYourAngles.c in Sources */ = {isa = PBXBuildFile; fileRef = 45F91BD71E81C86500E26D3D /* org.iolani.inhouse.KnowYourAngles.c */; };
		8422E9C21D35BF9500F33978 /* FirstViewController.swift in Sources */ = {isa = PBXBuildFile; fileRef = 8422E9C11D35BF9500F33978 /* FirstViewController.swift */; };
		8429E1191D2C481500920987 /* AppDelegate.swift in Sources */ = {isa = PBXBuildFile; fileRef = 8429E1181D2C481500920987 /* AppDelegate.swift */; };
		8429E11B1D2C481500920987 /* ViewController.swift in Sources */ = {isa = PBXBuildFile; fileRef = 8429E11A1D2C481500920987 /* ViewController.swift */; };
		8429E11E1D2C481500920987 /* Main.storyboard in Resources */ = {isa = PBXBuildFile; fileRef = 8429E11C1D2C481500920987 /* Main.storyboard */; };
		8429E1201D2C481500920987 /* Assets.xcassets in Resources */ = {isa = PBXBuildFile; fileRef = 8429E11F1D2C481500920987 /* Assets.xcassets */; };
		8429E1231D2C481500920987 /* LaunchScreen.storyboard in Resources */ = {isa = PBXBuildFile; fileRef = 8429E1211D2C481500920987 /* LaunchScreen.storyboard */; };
		8429E12E1D2C481500920987 /* KnowYourAnglesTests.swift in Sources */ = {isa = PBXBuildFile; fileRef = 8429E12D1D2C481500920987 /* KnowYourAnglesTests.swift */; };
		8429E1391D2C481600920987 /* KnowYourAnglesUITests.swift in Sources */ = {isa = PBXBuildFile; fileRef = 8429E1381D2C481600920987 /* KnowYourAnglesUITests.swift */; };
		84461B4B1D308F1000BA997E /* FinishScreenViewController.swift in Sources */ = {isa = PBXBuildFile; fileRef = 84461B4A1D308F1000BA997E /* FinishScreenViewController.swift */; };
		84C3E8221D2DC75300750751 /* SettingsViewController.swift in Sources */ = {isa = PBXBuildFile; fileRef = 84C3E8211D2DC75300750751 /* SettingsViewController.swift */; };
/* End PBXBuildFile section */

/* Begin PBXContainerItemProxy section */
		8429E12A1D2C481500920987 /* PBXContainerItemProxy */ = {
			isa = PBXContainerItemProxy;
			containerPortal = 8429E10D1D2C481500920987 /* Project object */;
			proxyType = 1;
			remoteGlobalIDString = 8429E1141D2C481500920987;
			remoteInfo = KnowYourAngles;
		};
		8429E1351D2C481600920987 /* PBXContainerItemProxy */ = {
			isa = PBXContainerItemProxy;
			containerPortal = 8429E10D1D2C481500920987 /* Project object */;
			proxyType = 1;
			remoteGlobalIDString = 8429E1141D2C481500920987;
			remoteInfo = KnowYourAngles;
		};
/* End PBXContainerItemProxy section */

/* Begin PBXFileReference section */
		3661E5B81E0E1BD900601402 /* CoreData.framework */ = {isa = PBXFileReference; lastKnownFileType = wrapper.framework; name = CoreData.framework; path = System/Library/Frameworks/CoreData.framework; sourceTree = SDKROOT; };
		3661E5BA1E0E1CB500601402 /* DataController.swift */ = {isa = PBXFileReference; fileEncoding = 4; lastKnownFileType = sourcecode.swift; path = DataController.swift; sourceTree = "<group>"; };
		3661E5BC1E0E298600601402 /* Table+CoreDataProperties.swift */ = {isa = PBXFileReference; fileEncoding = 4; lastKnownFileType = sourcecode.swift; path = "Table+CoreDataProperties.swift"; sourceTree = "<group>"; };
		3661E5BD1E0E298600601402 /* Table.swift */ = {isa = PBXFileReference; fileEncoding = 4; lastKnownFileType = sourcecode.swift; path = Table.swift; sourceTree = "<group>"; };
		3661E5C01E0E318500601402 /* HighScore+CoreDataProperties.swift */ = {isa = PBXFileReference; fileEncoding = 4; lastKnownFileType = sourcecode.swift; path = "HighScore+CoreDataProperties.swift"; sourceTree = "<group>"; };
		3661E5C11E0E318500601402 /* HighScore.swift */ = {isa = PBXFileReference; fileEncoding = 4; lastKnownFileType = sourcecode.swift; path = HighScore.swift; sourceTree = "<group>"; };
		3661E5C41E0E484200601402 /* DataModel 2.xcdatamodel */ = {isa = PBXFileReference; lastKnownFileType = wrapper.xcdatamodel; path = "DataModel 2.xcdatamodel"; sourceTree = "<group>"; };
		366A42241E0D0CBC006F0B1D /* DataModel.xcdatamodel */ = {isa = PBXFileReference; lastKnownFileType = wrapper.xcdatamodel; path = DataModel.xcdatamodel; sourceTree = "<group>"; };
		366BAEDE1E0B069000C223EA /* HighScoreTableViewCell.swift */ = {isa = PBXFileReference; fileEncoding = 4; lastKnownFileType = sourcecode.swift; path = HighScoreTableViewCell.swift; sourceTree = "<group>"; };
		367470571E2EAD0E007228EC /* Fabric.framework */ = {isa = PBXFileReference; lastKnownFileType = wrapper.framework; path = Fabric.framework; sourceTree = "<group>"; };
		3681B3F01E0F513D00B5920B /* DataModel 3.xcdatamodel */ = {isa = PBXFileReference; lastKnownFileType = wrapper.xcdatamodel; path = "DataModel 3.xcdatamodel"; sourceTree = "<group>"; };
		3681B3F11E0F51DF00B5920B /* DataModel 4.xcdatamodel */ = {isa = PBXFileReference; lastKnownFileType = wrapper.xcdatamodel; path = "DataModel 4.xcdatamodel"; sourceTree = "<group>"; };
		3681B3F21E0F56BE00B5920B /* DataModel 5.xcdatamodel */ = {isa = PBXFileReference; lastKnownFileType = wrapper.xcdatamodel; path = "DataModel 5.xcdatamodel"; sourceTree = "<group>"; };
		368C58C21E0B28AD0008C8B0 /* HighScoreViewController.swift */ = {isa = PBXFileReference; fileEncoding = 4; lastKnownFileType = sourcecode.swift; path = HighScoreViewController.swift; sourceTree = "<group>"; };
		36919FBA1E405B43000A7647 /* SummaryCell.swift */ = {isa = PBXFileReference; fileEncoding = 4; lastKnownFileType = sourcecode.swift; path = SummaryCell.swift; sourceTree = "<group>"; };
		36919FBC1E406478000A7647 /* SummaryCollectionViewController.swift */ = {isa = PBXFileReference; fileEncoding = 4; lastKnownFileType = sourcecode.swift; path = SummaryCollectionViewController.swift; sourceTree = "<group>"; };
		36919FBE1E406E6E000A7647 /* SummaryCollectionView.swift */ = {isa = PBXFileReference; fileEncoding = 4; lastKnownFileType = sourcecode.swift; path = SummaryCollectionView.swift; sourceTree = "<group>"; };
		36969D691DFD290F00F95635 /* MainViewDataSource.swift */ = {isa = PBXFileReference; fileEncoding = 4; lastKnownFileType = sourcecode.swift; path = MainViewDataSource.swift; sourceTree = "<group>"; };
		369BED621E1C55B500A9D0C7 /* DataModel 6.xcdatamodel */ = {isa = PBXFileReference; lastKnownFileType = wrapper.xcdatamodel; path = "DataModel 6.xcdatamodel"; sourceTree = "<group>"; };
		36C69ED61D80A6610072CFFA /* ATKMathWidget.bundle */ = {isa = PBXFileReference; lastKnownFileType = "wrapper.plug-in"; path = ATKMathWidget.bundle; sourceTree = "<group>"; };
		36C69ED81D80A6850072CFFA /* resources.bundle */ = {isa = PBXFileReference; lastKnownFileType = "wrapper.plug-in"; path = resources.bundle; sourceTree = "<group>"; };
		36DFEBE91DDCDDD200DF333D /* MainView.swift */ = {isa = PBXFileReference; fileEncoding = 4; lastKnownFileType = sourcecode.swift; path = MainView.swift; sourceTree = "<group>"; };
		36E5079D20E1E8CF0045D0CD /* STIXSizThreeSymBol.otf */ = {isa = PBXFileReference; lastKnownFileType = file; path = STIXSizThreeSymBol.otf; sourceTree = "<group>"; };
		36E5079E20E1E8CF0045D0CD /* STIXSizOneSymBol.otf */ = {isa = PBXFileReference; lastKnownFileType = file; path = STIXSizOneSymBol.otf; sourceTree = "<group>"; };
		36E5079F20E1E8CF0045D0CD /* STIXGeneralItalic.ttf */ = {isa = PBXFileReference; lastKnownFileType = file; path = STIXGeneralItalic.ttf; sourceTree = "<group>"; };
		36E507A020E1E8CF0045D0CD /* STIXSizTwoSymBol.otf */ = {isa = PBXFileReference; lastKnownFileType = file; path = STIXSizTwoSymBol.otf; sourceTree = "<group>"; };
		36F5B09620E16C7C003AA258 /* Problem.swift */ = {isa = PBXFileReference; lastKnownFileType = sourcecode.swift; path = Problem.swift; sourceTree = "<group>"; };
		36FE163A1E42C44600566F9E /* SummaryHeaderView.swift */ = {isa = PBXFileReference; fileEncoding = 4; lastKnownFileType = sourcecode.swift; path = SummaryHeaderView.swift; sourceTree = "<group>"; };
		450952F41E8DB06D00013AA6 /* ATKCore.framework */ = {isa = PBXFileReference; lastKnownFileType = wrapper.framework; path = ATKCore.framework; sourceTree = "<group>"; };
		450952F51E8DB06D00013AA6 /* ATKMath.framework */ = {isa = PBXFileReference; lastKnownFileType = wrapper.framework; path = ATKMath.framework; sourceTree = "<group>"; };
		450952F61E8DB06D00013AA6 /* ATKMathWidget.framework */ = {isa = PBXFileReference; lastKnownFileType = wrapper.framework; path = ATKMathWidget.framework; sourceTree = "<group>"; };
		45F91BD71E81C86500E26D3D /* org.iolani.inhouse.KnowYourAngles.c */ = {isa = PBXFileReference; fileEncoding = 4; lastKnownFileType = sourcecode.c.c; path = org.iolani.inhouse.KnowYourAngles.c; sourceTree = "<group>"; };
		840180CA1D2C562400CB794B /* MyCertificate.h */ = {isa = PBXFileReference; fileEncoding = 4; lastKnownFileType = sourcecode.c.h; path = MyCertificate.h; sourceTree = "<group>"; };
		8422E9C11D35BF9500F33978 /* FirstViewController.swift */ = {isa = PBXFileReference; fileEncoding = 4; lastKnownFileType = sourcecode.swift; path = FirstViewController.swift; sourceTree = "<group>"; };
		8429E1151D2C481500920987 /* KnowYourAngles.app */ = {isa = PBXFileReference; explicitFileType = wrapper.application; includeInIndex = 0; path = KnowYourAngles.app; sourceTree = BUILT_PRODUCTS_DIR; };
		8429E1181D2C481500920987 /* AppDelegate.swift */ = {isa = PBXFileReference; lastKnownFileType = sourcecode.swift; path = AppDelegate.swift; sourceTree = "<group>"; };
		8429E11A1D2C481500920987 /* ViewController.swift */ = {isa = PBXFileReference; lastKnownFileType = sourcecode.swift; path = ViewController.swift; sourceTree = "<group>"; };
		8429E11D1D2C481500920987 /* Base */ = {isa = PBXFileReference; lastKnownFileType = file.storyboard; name = Base; path = Base.lproj/Main.storyboard; sourceTree = "<group>"; };
		8429E11F1D2C481500920987 /* Assets.xcassets */ = {isa = PBXFileReference; lastKnownFileType = folder.assetcatalog; path = Assets.xcassets; sourceTree = "<group>"; };
		8429E1221D2C481500920987 /* Base */ = {isa = PBXFileReference; lastKnownFileType = file.storyboard; name = Base; path = Base.lproj/LaunchScreen.storyboard; sourceTree = "<group>"; };
		8429E1241D2C481500920987 /* Info.plist */ = {isa = PBXFileReference; lastKnownFileType = text.plist.xml; path = Info.plist; sourceTree = "<group>"; };
		8429E1291D2C481500920987 /* KnowYourAnglesTests.xctest */ = {isa = PBXFileReference; explicitFileType = wrapper.cfbundle; includeInIndex = 0; path = KnowYourAnglesTests.xctest; sourceTree = BUILT_PRODUCTS_DIR; };
		8429E12D1D2C481500920987 /* KnowYourAnglesTests.swift */ = {isa = PBXFileReference; lastKnownFileType = sourcecode.swift; path = KnowYourAnglesTests.swift; sourceTree = "<group>"; };
		8429E12F1D2C481500920987 /* Info.plist */ = {isa = PBXFileReference; lastKnownFileType = text.plist.xml; path = Info.plist; sourceTree = "<group>"; };
		8429E1341D2C481600920987 /* KnowYourAnglesUITests.xctest */ = {isa = PBXFileReference; explicitFileType = wrapper.cfbundle; includeInIndex = 0; path = KnowYourAnglesUITests.xctest; sourceTree = BUILT_PRODUCTS_DIR; };
		8429E1381D2C481600920987 /* KnowYourAnglesUITests.swift */ = {isa = PBXFileReference; lastKnownFileType = sourcecode.swift; path = KnowYourAnglesUITests.swift; sourceTree = "<group>"; };
		8429E13A1D2C481600920987 /* Info.plist */ = {isa = PBXFileReference; lastKnownFileType = text.plist.xml; path = Info.plist; sourceTree = "<group>"; };
		8429E1461D2C484E00920987 /* KnowYourAngles-Bridging-Header.h */ = {isa = PBXFileReference; lastKnownFileType = sourcecode.c.h; path = "KnowYourAngles-Bridging-Header.h"; sourceTree = SOURCE_ROOT; };
		8429E1491D2C494300920987 /* SystemConfiguration.framework */ = {isa = PBXFileReference; lastKnownFileType = wrapper.framework; name = SystemConfiguration.framework; path = System/Library/Frameworks/SystemConfiguration.framework; sourceTree = SDKROOT; };
		84461B4A1D308F1000BA997E /* FinishScreenViewController.swift */ = {isa = PBXFileReference; fileEncoding = 4; lastKnownFileType = sourcecode.swift; path = FinishScreenViewController.swift; sourceTree = "<group>"; };
		84C3E8211D2DC75300750751 /* SettingsViewController.swift */ = {isa = PBXFileReference; fileEncoding = 4; lastKnownFileType = sourcecode.swift; path = SettingsViewController.swift; sourceTree = "<group>"; };
/* End PBXFileReference section */

/* Begin PBXFrameworksBuildPhase section */
		8429E1121D2C481500920987 /* Frameworks */ = {
			isa = PBXFrameworksBuildPhase;
			buildActionMask = 2147483647;
			files = (
				3661E5B91E0E1BD900601402 /* CoreData.framework in Frameworks */,
				450952F91E8DB06D00013AA6 /* ATKMathWidget.framework in Frameworks */,
				450952F81E8DB06D00013AA6 /* ATKMath.framework in Frameworks */,
				36C69ECF1D80A5DE0072CFFA /* SystemConfiguration.framework in Frameworks */,
				367470591E2EAD0E007228EC /* Fabric.framework in Frameworks */,
				450952F71E8DB06D00013AA6 /* ATKCore.framework in Frameworks */,
			);
			runOnlyForDeploymentPostprocessing = 0;
		};
		8429E1261D2C481500920987 /* Frameworks */ = {
			isa = PBXFrameworksBuildPhase;
			buildActionMask = 2147483647;
			files = (
			);
			runOnlyForDeploymentPostprocessing = 0;
		};
		8429E1311D2C481600920987 /* Frameworks */ = {
			isa = PBXFrameworksBuildPhase;
			buildActionMask = 2147483647;
			files = (
			);
			runOnlyForDeploymentPostprocessing = 0;
		};
/* End PBXFrameworksBuildPhase section */

/* Begin PBXGroup section */
		366B07E920DC25210083B0C1 /* MyScriptCertificate */ = {
			isa = PBXGroup;
			children = (
				45F91BD71E81C86500E26D3D /* org.iolani.inhouse.KnowYourAngles.c */,
				840180CA1D2C562400CB794B /* MyCertificate.h */,
			);
			path = MyScriptCertificate;
			sourceTree = "<group>";
		};
		366B07EB20DC264E0083B0C1 /* HighScore */ = {
			isa = PBXGroup;
			children = (
				366BAEDE1E0B069000C223EA /* HighScoreTableViewCell.swift */,
				368C58C21E0B28AD0008C8B0 /* HighScoreViewController.swift */,
			);
			path = HighScore;
			sourceTree = "<group>";
		};
		366B07EC20DC26A10083B0C1 /* Summary */ = {
			isa = PBXGroup;
			children = (
				36919FBA1E405B43000A7647 /* SummaryCell.swift */,
				36919FBC1E406478000A7647 /* SummaryCollectionViewController.swift */,
				36919FBE1E406E6E000A7647 /* SummaryCollectionView.swift */,
				36FE163A1E42C44600566F9E /* SummaryHeaderView.swift */,
			);
			path = Summary;
			sourceTree = "<group>";
		};
		366B07ED20DC272D0083B0C1 /* Settings */ = {
			isa = PBXGroup;
			children = (
				84C3E8211D2DC75300750751 /* SettingsViewController.swift */,
			);
			path = Settings;
			sourceTree = "<group>";
		};
		36E507A120E1E8F10045D0CD /* Fonts */ = {
			isa = PBXGroup;
			children = (
				36E5079F20E1E8CF0045D0CD /* STIXGeneralItalic.ttf */,
				36E5079E20E1E8CF0045D0CD /* STIXSizOneSymBol.otf */,
				36E5079D20E1E8CF0045D0CD /* STIXSizThreeSymBol.otf */,
				36E507A020E1E8CF0045D0CD /* STIXSizTwoSymBol.otf */,
			);
			path = Fonts;
			sourceTree = "<group>";
		};
		8429E10C1D2C481500920987 = {
			isa = PBXGroup;
			children = (
				450952F41E8DB06D00013AA6 /* ATKCore.framework */,
				450952F51E8DB06D00013AA6 /* ATKMath.framework */,
				450952F61E8DB06D00013AA6 /* ATKMathWidget.framework */,
				367470571E2EAD0E007228EC /* Fabric.framework */,
				3661E5C01E0E318500601402 /* HighScore+CoreDataProperties.swift */,
				3661E5C11E0E318500601402 /* HighScore.swift */,
				3661E5BC1E0E298600601402 /* Table+CoreDataProperties.swift */,
				3661E5BD1E0E298600601402 /* Table.swift */,
				3661E5B81E0E1BD900601402 /* CoreData.framework */,
				36C69ED81D80A6850072CFFA /* resources.bundle */,
				36C69ED61D80A6610072CFFA /* ATKMathWidget.bundle */,
				8429E1491D2C494300920987 /* SystemConfiguration.framework */,
				8429E1171D2C481500920987 /* KnowYourAngles */,
				8429E12C1D2C481500920987 /* KnowYourAnglesTests */,
				8429E1371D2C481600920987 /* KnowYourAnglesUITests */,
				8429E1161D2C481500920987 /* Products */,
			);
			sourceTree = "<group>";
		};
		8429E1161D2C481500920987 /* Products */ = {
			isa = PBXGroup;
			children = (
				8429E1151D2C481500920987 /* KnowYourAngles.app */,
				8429E1291D2C481500920987 /* KnowYourAnglesTests.xctest */,
				8429E1341D2C481600920987 /* KnowYourAnglesUITests.xctest */,
			);
			name = Products;
			sourceTree = "<group>";
		};
		8429E1171D2C481500920987 /* KnowYourAngles */ = {
			isa = PBXGroup;
			children = (
				36E507A120E1E8F10045D0CD /* Fonts */,
				366B07ED20DC272D0083B0C1 /* Settings */,
				366B07EC20DC26A10083B0C1 /* Summary */,
				366B07EB20DC264E0083B0C1 /* HighScore */,
				8429E1241D2C481500920987 /* Info.plist */,
				366B07E920DC25210083B0C1 /* MyScriptCertificate */,
				8429E1461D2C484E00920987 /* KnowYourAngles-Bridging-Header.h */,
				8429E1181D2C481500920987 /* AppDelegate.swift */,
				8429E11A1D2C481500920987 /* ViewController.swift */,
				8429E11C1D2C481500920987 /* Main.storyboard */,
				8429E11F1D2C481500920987 /* Assets.xcassets */,
				8429E1211D2C481500920987 /* LaunchScreen.storyboard */,
				84461B4A1D308F1000BA997E /* FinishScreenViewController.swift */,
				8422E9C11D35BF9500F33978 /* FirstViewController.swift */,
				36DFEBE91DDCDDD200DF333D /* MainView.swift */,
				36969D691DFD290F00F95635 /* MainViewDataSource.swift */,
				366A42231E0D0CBC006F0B1D /* DataModel.xcdatamodeld */,
				3661E5BA1E0E1CB500601402 /* DataController.swift */,
				36F5B09620E16C7C003AA258 /* Problem.swift */,
			);
			path = KnowYourAngles;
			sourceTree = "<group>";
		};
		8429E12C1D2C481500920987 /* KnowYourAnglesTests */ = {
			isa = PBXGroup;
			children = (
				8429E12D1D2C481500920987 /* KnowYourAnglesTests.swift */,
				8429E12F1D2C481500920987 /* Info.plist */,
			);
			path = KnowYourAnglesTests;
			sourceTree = "<group>";
		};
		8429E1371D2C481600920987 /* KnowYourAnglesUITests */ = {
			isa = PBXGroup;
			children = (
				8429E1381D2C481600920987 /* KnowYourAnglesUITests.swift */,
				8429E13A1D2C481600920987 /* Info.plist */,
			);
			path = KnowYourAnglesUITests;
			sourceTree = "<group>";
		};
/* End PBXGroup section */

/* Begin PBXNativeTarget section */
		8429E1141D2C481500920987 /* KnowYourAngles */ = {
			isa = PBXNativeTarget;
			buildConfigurationList = 8429E13D1D2C481600920987 /* Build configuration list for PBXNativeTarget "KnowYourAngles" */;
			buildPhases = (
				8429E1111D2C481500920987 /* Sources */,
				8429E1121D2C481500920987 /* Frameworks */,
				8429E1131D2C481500920987 /* Resources */,
				36D8981A1E2EAF450079FADE /* ShellScript */,
			);
			buildRules = (
			);
			dependencies = (
			);
			name = KnowYourAngles;
			productName = KnowYourAngles;
			productReference = 8429E1151D2C481500920987 /* KnowYourAngles.app */;
			productType = "com.apple.product-type.application";
		};
		8429E1281D2C481500920987 /* KnowYourAnglesTests */ = {
			isa = PBXNativeTarget;
			buildConfigurationList = 8429E1401D2C481600920987 /* Build configuration list for PBXNativeTarget "KnowYourAnglesTests" */;
			buildPhases = (
				8429E1251D2C481500920987 /* Sources */,
				8429E1261D2C481500920987 /* Frameworks */,
				8429E1271D2C481500920987 /* Resources */,
			);
			buildRules = (
			);
			dependencies = (
				8429E12B1D2C481500920987 /* PBXTargetDependency */,
			);
			name = KnowYourAnglesTests;
			productName = KnowYourAnglesTests;
			productReference = 8429E1291D2C481500920987 /* KnowYourAnglesTests.xctest */;
			productType = "com.apple.product-type.bundle.unit-test";
		};
		8429E1331D2C481600920987 /* KnowYourAnglesUITests */ = {
			isa = PBXNativeTarget;
			buildConfigurationList = 8429E1431D2C481600920987 /* Build configuration list for PBXNativeTarget "KnowYourAnglesUITests" */;
			buildPhases = (
				8429E1301D2C481600920987 /* Sources */,
				8429E1311D2C481600920987 /* Frameworks */,
				8429E1321D2C481600920987 /* Resources */,
			);
			buildRules = (
			);
			dependencies = (
				8429E1361D2C481600920987 /* PBXTargetDependency */,
			);
			name = KnowYourAnglesUITests;
			productName = KnowYourAnglesUITests;
			productReference = 8429E1341D2C481600920987 /* KnowYourAnglesUITests.xctest */;
			productType = "com.apple.product-type.bundle.ui-testing";
		};
/* End PBXNativeTarget section */

/* Begin PBXProject section */
		8429E10D1D2C481500920987 /* Project object */ = {
			isa = PBXProject;
			attributes = {
				LastSwiftUpdateCheck = 0720;
				LastUpgradeCheck = 0940;
				ORGANIZATIONNAME = "Iolani School";
				TargetAttributes = {
					8429E1141D2C481500920987 = {
						CreatedOnToolsVersion = 7.2;
						DevelopmentTeam = JP7JGNH77T;
						LastSwiftMigration = 0900;
					};
					8429E1281D2C481500920987 = {
						CreatedOnToolsVersion = 7.2;
						LastSwiftMigration = 0900;
						TestTargetID = 8429E1141D2C481500920987;
					};
					8429E1331D2C481600920987 = {
						CreatedOnToolsVersion = 7.2;
						LastSwiftMigration = 0900;
						TestTargetID = 8429E1141D2C481500920987;
					};
				};
			};
			buildConfigurationList = 8429E1101D2C481500920987 /* Build configuration list for PBXProject "KnowYourAngles" */;
			compatibilityVersion = "Xcode 3.2";
			developmentRegion = English;
			hasScannedForEncodings = 0;
			knownRegions = (
				en,
				Base,
			);
			mainGroup = 8429E10C1D2C481500920987;
			productRefGroup = 8429E1161D2C481500920987 /* Products */;
			projectDirPath = "";
			projectRoot = "";
			targets = (
				8429E1141D2C481500920987 /* KnowYourAngles */,
				8429E1281D2C481500920987 /* KnowYourAnglesTests */,
				8429E1331D2C481600920987 /* KnowYourAnglesUITests */,
			);
		};
/* End PBXProject section */

/* Begin PBXResourcesBuildPhase section */
		8429E1131D2C481500920987 /* Resources */ = {
			isa = PBXResourcesBuildPhase;
			buildActionMask = 2147483647;
			files = (
				36C69ED91D80A6850072CFFA /* resources.bundle in Resources */,
				36C69ED71D80A6610072CFFA /* ATKMathWidget.bundle in Resources */,
				8429E1231D2C481500920987 /* LaunchScreen.storyboard in Resources */,
				8429E1201D2C481500920987 /* Assets.xcassets in Resources */,
				8429E11E1D2C481500920987 /* Main.storyboard in Resources */,
			);
			runOnlyForDeploymentPostprocessing = 0;
		};
		8429E1271D2C481500920987 /* Resources */ = {
			isa = PBXResourcesBuildPhase;
			buildActionMask = 2147483647;
			files = (
			);
			runOnlyForDeploymentPostprocessing = 0;
		};
		8429E1321D2C481600920987 /* Resources */ = {
			isa = PBXResourcesBuildPhase;
			buildActionMask = 2147483647;
			files = (
			);
			runOnlyForDeploymentPostprocessing = 0;
		};
/* End PBXResourcesBuildPhase section */

/* Begin PBXShellScriptBuildPhase section */
		36D8981A1E2EAF450079FADE /* ShellScript */ = {
			isa = PBXShellScriptBuildPhase;
			buildActionMask = 2147483647;
			files = (
			);
			inputPaths = (
			);
			outputPaths = (
			);
			runOnlyForDeploymentPostprocessing = 0;
			shellPath = /bin/sh;
			shellScript = "GIT_RELEASE_VERSION=$(git describe --tags --always --dirty)\nCOMMITS=$(git rev-list HEAD | wc -l)\nCOMMITS=$(($COMMITS))\ndefaults write \"${BUILT_PRODUCTS_DIR}/${INFOPLIST_PATH%.*}\" \"CFBundleShortVersionString\" \"${GIT_RELEASE_VERSION#*v}\"\ndefaults write \"${BUILT_PRODUCTS_DIR}/${INFOPLIST_PATH%.*}\" \"CFBundleVersion\" \"${COMMITS}\"\n\n./Fabric.framework/run 47d7101d489472c35e317e555b6f5723128756a8 9e7e01d4ef77c8fe881bbd5b7a9e382fd3bba44686f71353b7b9d73abc18720b";
		};
/* End PBXShellScriptBuildPhase section */

/* Begin PBXSourcesBuildPhase section */
		8429E1111D2C481500920987 /* Sources */ = {
			isa = PBXSourcesBuildPhase;
			buildActionMask = 2147483647;
			files = (
				8429E11B1D2C481500920987 /* ViewController.swift in Sources */,
				3661E5C21E0E318500601402 /* HighScore+CoreDataProperties.swift in Sources */,
				45F91BD81E81C86500E26D3D /* org.iolani.inhouse.KnowYourAngles.c in Sources */,
				368C58C31E0B28AD0008C8B0 /* HighScoreViewController.swift in Sources */,
				36919FBB1E405B43000A7647 /* SummaryCell.swift in Sources */,
				3661E5C31E0E318500601402 /* HighScore.swift in Sources */,
				36DFEBEA1DDCDDD200DF333D /* MainView.swift in Sources */,
				36F5B09720E16C7C003AA258 /* Problem.swift in Sources */,
				8429E1191D2C481500920987 /* AppDelegate.swift in Sources */,
				366BAEDF1E0B069000C223EA /* HighScoreTableViewCell.swift in Sources */,
				3661E5BE1E0E298600601402 /* Table+CoreDataProperties.swift in Sources */,
				36919FBD1E406478000A7647 /* SummaryCollectionViewController.swift in Sources */,
				36919FBF1E406E6E000A7647 /* SummaryCollectionView.swift in Sources */,
				84461B4B1D308F1000BA997E /* FinishScreenViewController.swift in Sources */,
				3661E5BB1E0E1CB500601402 /* DataController.swift in Sources */,
				84C3E8221D2DC75300750751 /* SettingsViewController.swift in Sources */,
				36969D6A1DFD290F00F95635 /* MainViewDataSource.swift in Sources */,
				366A42251E0D0CBC006F0B1D /* DataModel.xcdatamodeld in Sources */,
				3661E5BF1E0E298600601402 /* Table.swift in Sources */,
				8422E9C21D35BF9500F33978 /* FirstViewController.swift in Sources */,
				36FE163B1E42C44600566F9E /* SummaryHeaderView.swift in Sources */,
			);
			runOnlyForDeploymentPostprocessing = 0;
		};
		8429E1251D2C481500920987 /* Sources */ = {
			isa = PBXSourcesBuildPhase;
			buildActionMask = 2147483647;
			files = (
				8429E12E1D2C481500920987 /* KnowYourAnglesTests.swift in Sources */,
			);
			runOnlyForDeploymentPostprocessing = 0;
		};
		8429E1301D2C481600920987 /* Sources */ = {
			isa = PBXSourcesBuildPhase;
			buildActionMask = 2147483647;
			files = (
				8429E1391D2C481600920987 /* KnowYourAnglesUITests.swift in Sources */,
			);
			runOnlyForDeploymentPostprocessing = 0;
		};
/* End PBXSourcesBuildPhase section */

/* Begin PBXTargetDependency section */
		8429E12B1D2C481500920987 /* PBXTargetDependency */ = {
			isa = PBXTargetDependency;
			target = 8429E1141D2C481500920987 /* KnowYourAngles */;
			targetProxy = 8429E12A1D2C481500920987 /* PBXContainerItemProxy */;
		};
		8429E1361D2C481600920987 /* PBXTargetDependency */ = {
			isa = PBXTargetDependency;
			target = 8429E1141D2C481500920987 /* KnowYourAngles */;
			targetProxy = 8429E1351D2C481600920987 /* PBXContainerItemProxy */;
		};
/* End PBXTargetDependency section */

/* Begin PBXVariantGroup section */
		8429E11C1D2C481500920987 /* Main.storyboard */ = {
			isa = PBXVariantGroup;
			children = (
				8429E11D1D2C481500920987 /* Base */,
			);
			name = Main.storyboard;
			sourceTree = "<group>";
		};
		8429E1211D2C481500920987 /* LaunchScreen.storyboard */ = {
			isa = PBXVariantGroup;
			children = (
				8429E1221D2C481500920987 /* Base */,
			);
			name = LaunchScreen.storyboard;
			sourceTree = "<group>";
		};
/* End PBXVariantGroup section */

/* Begin XCBuildConfiguration section */
		8429E13B1D2C481600920987 /* Debug */ = {
			isa = XCBuildConfiguration;
			buildSettings = {
				ALWAYS_SEARCH_USER_PATHS = NO;
				CLANG_CXX_LANGUAGE_STANDARD = "gnu++0x";
				CLANG_CXX_LIBRARY = "libc++";
				CLANG_ENABLE_MODULES = YES;
				CLANG_ENABLE_OBJC_ARC = YES;
				CLANG_WARN_BLOCK_CAPTURE_AUTORELEASING = YES;
				CLANG_WARN_BOOL_CONVERSION = YES;
				CLANG_WARN_COMMA = YES;
				CLANG_WARN_CONSTANT_CONVERSION = YES;
				CLANG_WARN_DEPRECATED_OBJC_IMPLEMENTATIONS = YES;
				CLANG_WARN_DIRECT_OBJC_ISA_USAGE = YES_ERROR;
				CLANG_WARN_EMPTY_BODY = YES;
				CLANG_WARN_ENUM_CONVERSION = YES;
				CLANG_WARN_INFINITE_RECURSION = YES;
				CLANG_WARN_INT_CONVERSION = YES;
				CLANG_WARN_NON_LITERAL_NULL_CONVERSION = YES;
				CLANG_WARN_OBJC_IMPLICIT_RETAIN_SELF = YES;
				CLANG_WARN_OBJC_LITERAL_CONVERSION = YES;
				CLANG_WARN_OBJC_ROOT_CLASS = YES_ERROR;
				CLANG_WARN_RANGE_LOOP_ANALYSIS = YES;
				CLANG_WARN_STRICT_PROTOTYPES = YES;
				CLANG_WARN_SUSPICIOUS_MOVE = YES;
				CLANG_WARN_UNREACHABLE_CODE = YES;
				CLANG_WARN__DUPLICATE_METHOD_MATCH = YES;
				"CODE_SIGN_IDENTITY[sdk=iphoneos*]" = "iPhone Developer";
				COPY_PHASE_STRIP = NO;
				DEBUG_INFORMATION_FORMAT = dwarf;
				ENABLE_STRICT_OBJC_MSGSEND = YES;
				ENABLE_TESTABILITY = YES;
				GCC_C_LANGUAGE_STANDARD = gnu99;
				GCC_DYNAMIC_NO_PIC = NO;
				GCC_NO_COMMON_BLOCKS = YES;
				GCC_OPTIMIZATION_LEVEL = 0;
				GCC_PREPROCESSOR_DEFINITIONS = (
					"DEBUG=1",
					"$(inherited)",
				);
				GCC_WARN_64_TO_32_BIT_CONVERSION = YES;
				GCC_WARN_ABOUT_RETURN_TYPE = YES_ERROR;
				GCC_WARN_UNDECLARED_SELECTOR = YES;
				GCC_WARN_UNINITIALIZED_AUTOS = YES_AGGRESSIVE;
				GCC_WARN_UNUSED_FUNCTION = YES;
				GCC_WARN_UNUSED_VARIABLE = YES;
				IPHONEOS_DEPLOYMENT_TARGET = 9.2;
				MTL_ENABLE_DEBUG_INFO = YES;
				ONLY_ACTIVE_ARCH = YES;
				SDKROOT = iphoneos;
				SWIFT_OPTIMIZATION_LEVEL = "-Onone";
				TARGETED_DEVICE_FAMILY = "1,2";
			};
			name = Debug;
		};
		8429E13C1D2C481600920987 /* Release */ = {
			isa = XCBuildConfiguration;
			buildSettings = {
				ALWAYS_SEARCH_USER_PATHS = NO;
				CLANG_CXX_LANGUAGE_STANDARD = "gnu++0x";
				CLANG_CXX_LIBRARY = "libc++";
				CLANG_ENABLE_MODULES = YES;
				CLANG_ENABLE_OBJC_ARC = YES;
				CLANG_WARN_BLOCK_CAPTURE_AUTORELEASING = YES;
				CLANG_WARN_BOOL_CONVERSION = YES;
				CLANG_WARN_COMMA = YES;
				CLANG_WARN_CONSTANT_CONVERSION = YES;
				CLANG_WARN_DEPRECATED_OBJC_IMPLEMENTATIONS = YES;
				CLANG_WARN_DIRECT_OBJC_ISA_USAGE = YES_ERROR;
				CLANG_WARN_EMPTY_BODY = YES;
				CLANG_WARN_ENUM_CONVERSION = YES;
				CLANG_WARN_INFINITE_RECURSION = YES;
				CLANG_WARN_INT_CONVERSION = YES;
				CLANG_WARN_NON_LITERAL_NULL_CONVERSION = YES;
				CLANG_WARN_OBJC_IMPLICIT_RETAIN_SELF = YES;
				CLANG_WARN_OBJC_LITERAL_CONVERSION = YES;
				CLANG_WARN_OBJC_ROOT_CLASS = YES_ERROR;
				CLANG_WARN_RANGE_LOOP_ANALYSIS = YES;
				CLANG_WARN_STRICT_PROTOTYPES = YES;
				CLANG_WARN_SUSPICIOUS_MOVE = YES;
				CLANG_WARN_UNREACHABLE_CODE = YES;
				CLANG_WARN__DUPLICATE_METHOD_MATCH = YES;
				"CODE_SIGN_IDENTITY[sdk=iphoneos*]" = "iPhone Developer";
				COPY_PHASE_STRIP = NO;
				DEBUG_INFORMATION_FORMAT = "dwarf-with-dsym";
				ENABLE_NS_ASSERTIONS = NO;
				ENABLE_STRICT_OBJC_MSGSEND = YES;
				GCC_C_LANGUAGE_STANDARD = gnu99;
				GCC_NO_COMMON_BLOCKS = YES;
				GCC_WARN_64_TO_32_BIT_CONVERSION = YES;
				GCC_WARN_ABOUT_RETURN_TYPE = YES_ERROR;
				GCC_WARN_UNDECLARED_SELECTOR = YES;
				GCC_WARN_UNINITIALIZED_AUTOS = YES_AGGRESSIVE;
				GCC_WARN_UNUSED_FUNCTION = YES;
				GCC_WARN_UNUSED_VARIABLE = YES;
				IPHONEOS_DEPLOYMENT_TARGET = 9.2;
				MTL_ENABLE_DEBUG_INFO = NO;
				SDKROOT = iphoneos;
				SWIFT_OPTIMIZATION_LEVEL = "-Owholemodule";
				TARGETED_DEVICE_FAMILY = "1,2";
				VALIDATE_PRODUCT = YES;
			};
			name = Release;
		};
		8429E13E1D2C481600920987 /* Debug */ = {
			isa = XCBuildConfiguration;
			buildSettings = {
				ALWAYS_EMBED_SWIFT_STANDARD_LIBRARIES = YES;
				ASSETCATALOG_COMPILER_APPICON_NAME = AppIcon;
				CLANG_ENABLE_MODULES = YES;
				CODE_SIGN_IDENTITY = "iPhone Developer";
				"CODE_SIGN_IDENTITY[sdk=iphoneos*]" = "iPhone Developer";
				DEBUG_INFORMATION_FORMAT = "dwarf-with-dsym";
				FRAMEWORK_SEARCH_PATHS = (
					"\"$(SRCROOT)/../MyScript_ATK-ios-2/Frameworks\"",
					"$(PROJECT_DIR)",
				);
				INFOPLIST_FILE = KnowYourAngles/Info.plist;
				IPHONEOS_DEPLOYMENT_TARGET = 9.2;
				LD_RUNPATH_SEARCH_PATHS = "$(inherited) @executable_path/Frameworks";
				MACH_O_TYPE = mh_execute;
				OTHER_LDFLAGS = (
					"-lstdc++",
					"-ObjC",
				);
				PRODUCT_BUNDLE_IDENTIFIER = org.iolani.inhouse.KnowYourAngles;
				PRODUCT_NAME = "$(TARGET_NAME)";
				PROVISIONING_PROFILE = "";
				SWIFT_OBJC_BRIDGING_HEADER = "KnowYourAngles-Bridging-Header.h";
				SWIFT_OPTIMIZATION_LEVEL = "-Onone";
				SWIFT_SWIFT3_OBJC_INFERENCE = On;
				SWIFT_VERSION = 3.0;
				TARGETED_DEVICE_FAMILY = "1,2";
			};
			name = Debug;
		};
		8429E13F1D2C481600920987 /* Release */ = {
			isa = XCBuildConfiguration;
			buildSettings = {
				ALWAYS_EMBED_SWIFT_STANDARD_LIBRARIES = YES;
				ASSETCATALOG_COMPILER_APPICON_NAME = AppIcon;
				CLANG_ENABLE_MODULES = YES;
				CODE_SIGN_IDENTITY = "iPhone Developer";
				"CODE_SIGN_IDENTITY[sdk=iphoneos*]" = "iPhone Developer";
				FRAMEWORK_SEARCH_PATHS = (
					"\"$(SRCROOT)/../MyScript_ATK-ios-2/Frameworks\"",
					"$(PROJECT_DIR)",
				);
				INFOPLIST_FILE = KnowYourAngles/Info.plist;
				IPHONEOS_DEPLOYMENT_TARGET = 9.2;
				LD_RUNPATH_SEARCH_PATHS = "$(inherited) @executable_path/Frameworks";
				MACH_O_TYPE = mh_execute;
				OTHER_LDFLAGS = (
					"-lstdc++",
					"-ObjC",
				);
				PRODUCT_BUNDLE_IDENTIFIER = org.iolani.inhouse.KnowYourAngles;
				PRODUCT_NAME = "$(TARGET_NAME)";
				PROVISIONING_PROFILE = "";
				SWIFT_OBJC_BRIDGING_HEADER = "KnowYourAngles-Bridging-Header.h";
				SWIFT_SWIFT3_OBJC_INFERENCE = On;
				SWIFT_VERSION = 3.0;
				TARGETED_DEVICE_FAMILY = "1,2";
			};
			name = Release;
		};
		8429E1411D2C481600920987 /* Debug */ = {
			isa = XCBuildConfiguration;
			buildSettings = {
				BUNDLE_LOADER = "$(TEST_HOST)";
				INFOPLIST_FILE = KnowYourAnglesTests/Info.plist;
				LD_RUNPATH_SEARCH_PATHS = "$(inherited) @executable_path/Frameworks @loader_path/Frameworks";
				PRODUCT_BUNDLE_IDENTIFIER = org.iolani.KnowYourAnglesTests;
				PRODUCT_NAME = "$(TARGET_NAME)";
				SWIFT_SWIFT3_OBJC_INFERENCE = On;
				SWIFT_VERSION = 4.0;
				TEST_HOST = "$(BUILT_PRODUCTS_DIR)/KnowYourAngles.app/KnowYourAngles";
			};
			name = Debug;
		};
		8429E1421D2C481600920987 /* Release */ = {
			isa = XCBuildConfiguration;
			buildSettings = {
				BUNDLE_LOADER = "$(TEST_HOST)";
				INFOPLIST_FILE = KnowYourAnglesTests/Info.plist;
				LD_RUNPATH_SEARCH_PATHS = "$(inherited) @executable_path/Frameworks @loader_path/Frameworks";
				PRODUCT_BUNDLE_IDENTIFIER = org.iolani.KnowYourAnglesTests;
				PRODUCT_NAME = "$(TARGET_NAME)";
				SWIFT_SWIFT3_OBJC_INFERENCE = On;
				SWIFT_VERSION = 4.0;
				TEST_HOST = "$(BUILT_PRODUCTS_DIR)/KnowYourAngles.app/KnowYourAngles";
			};
			name = Release;
		};
		8429E1441D2C481600920987 /* Debug */ = {
			isa = XCBuildConfiguration;
			buildSettings = {
				INFOPLIST_FILE = KnowYourAnglesUITests/Info.plist;
				LD_RUNPATH_SEARCH_PATHS = "$(inherited) @executable_path/Frameworks @loader_path/Frameworks";
				PRODUCT_BUNDLE_IDENTIFIER = org.iolani.KnowYourAnglesUITests;
				PRODUCT_NAME = "$(TARGET_NAME)";
				SWIFT_SWIFT3_OBJC_INFERENCE = On;
				SWIFT_VERSION = 4.0;
				TEST_TARGET_NAME = KnowYourAngles;
				USES_XCTRUNNER = YES;
			};
			name = Debug;
		};
		8429E1451D2C481600920987 /* Release */ = {
			isa = XCBuildConfiguration;
			buildSettings = {
				INFOPLIST_FILE = KnowYourAnglesUITests/Info.plist;
				LD_RUNPATH_SEARCH_PATHS = "$(inherited) @executable_path/Frameworks @loader_path/Frameworks";
				PRODUCT_BUNDLE_IDENTIFIER = org.iolani.KnowYourAnglesUITests;
				PRODUCT_NAME = "$(TARGET_NAME)";
				SWIFT_SWIFT3_OBJC_INFERENCE = On;
				SWIFT_VERSION = 4.0;
				TEST_TARGET_NAME = KnowYourAngles;
				USES_XCTRUNNER = YES;
			};
			name = Release;
		};
/* End XCBuildConfiguration section */

/* Begin XCConfigurationList section */
		8429E1101D2C481500920987 /* Build configuration list for PBXProject "KnowYourAngles" */ = {
			isa = XCConfigurationList;
			buildConfigurations = (
				8429E13B1D2C481600920987 /* Debug */,
				8429E13C1D2C481600920987 /* Release */,
			);
			defaultConfigurationIsVisible = 0;
			defaultConfigurationName = Release;
		};
		8429E13D1D2C481600920987 /* Build configuration list for PBXNativeTarget "KnowYourAngles" */ = {
			isa = XCConfigurationList;
			buildConfigurations = (
				8429E13E1D2C481600920987 /* Debug */,
				8429E13F1D2C481600920987 /* Release */,
			);
			defaultConfigurationIsVisible = 0;
			defaultConfigurationName = Release;
		};
		8429E1401D2C481600920987 /* Build configuration list for PBXNativeTarget "KnowYourAnglesTests" */ = {
			isa = XCConfigurationList;
			buildConfigurations = (
				8429E1411D2C481600920987 /* Debug */,
				8429E1421D2C481600920987 /* Release */,
			);
			defaultConfigurationIsVisible = 0;
			defaultConfigurationName = Release;
		};
		8429E1431D2C481600920987 /* Build configuration list for PBXNativeTarget "KnowYourAnglesUITests" */ = {
			isa = XCConfigurationList;
			buildConfigurations = (
				8429E1441D2C481600920987 /* Debug */,
				8429E1451D2C481600920987 /* Release */,
			);
			defaultConfigurationIsVisible = 0;
			defaultConfigurationName = Release;
		};
/* End XCConfigurationList section */

/* Begin XCVersionGroup section */
		366A42231E0D0CBC006F0B1D /* DataModel.xcdatamodeld */ = {
			isa = XCVersionGroup;
			children = (
				369BED621E1C55B500A9D0C7 /* DataModel 6.xcdatamodel */,
				3681B3F21E0F56BE00B5920B /* DataModel 5.xcdatamodel */,
				3681B3F11E0F51DF00B5920B /* DataModel 4.xcdatamodel */,
				3681B3F01E0F513D00B5920B /* DataModel 3.xcdatamodel */,
				3661E5C41E0E484200601402 /* DataModel 2.xcdatamodel */,
				366A42241E0D0CBC006F0B1D /* DataModel.xcdatamodel */,
			);
			currentVersion = 366A42241E0D0CBC006F0B1D /* DataModel.xcdatamodel */;
			path = DataModel.xcdatamodeld;
			sourceTree = "<group>";
			versionGroupType = wrapper.xcdatamodel;
		};
/* End XCVersionGroup section */
	};
	rootObject = 8429E10D1D2C481500920987 /* Project object */;
}
