// !$*UTF8*$!
{
	archiveVersion = 1;
	classes = {
	};
	objectVersion = 46;
	objects = {

/* Begin PBXBuildFile section */
		363BE51722AF29B4002BA369 /* INFO in Resources */ = {isa = PBXBuildFile; fileRef = 363BE51622AF29B4002BA369 /* INFO */; };
		363BE51922AF29C7002BA369 /* recognition-assets in Resources */ = {isa = PBXBuildFile; fileRef = 363BE51822AF29C7002BA369 /* recognition-assets */; };
		3661E5B91E0E1BD900601402 /* CoreData.framework in Frameworks */ = {isa = PBXBuildFile; fileRef = 3661E5B81E0E1BD900601402 /* CoreData.framework */; };
		36919FBB1E405B43000A7647 /* SummaryCell.swift in Sources */ = {isa = PBXBuildFile; fileRef = 36919FBA1E405B43000A7647 /* SummaryCell.swift */; };
		36919FBD1E406478000A7647 /* SummaryCollectionViewController.swift in Sources */ = {isa = PBXBuildFile; fileRef = 36919FBC1E406478000A7647 /* SummaryCollectionViewController.swift */; };
		36919FBF1E406E6E000A7647 /* SummaryCollectionView.swift in Sources */ = {isa = PBXBuildFile; fileRef = 36919FBE1E406E6E000A7647 /* SummaryCollectionView.swift */; };
		36969D6A1DFD290F00F95635 /* MainViewDataSource.swift in Sources */ = {isa = PBXBuildFile; fileRef = 36969D691DFD290F00F95635 /* MainViewDataSource.swift */; };
		36B51E3B2112B8ED00AD4095 /* StudyMode.swift in Sources */ = {isa = PBXBuildFile; fileRef = 36B51E3A2112B8ED00AD4095 /* StudyMode.swift */; };
		36B51E3D2112BDD600AD4095 /* StudyView.swift in Sources */ = {isa = PBXBuildFile; fileRef = 36B51E3C2112BDD600AD4095 /* StudyView.swift */; };
		36C1851724A29BC900DE117E /* AboutViewController.swift in Sources */ = {isa = PBXBuildFile; fileRef = 36C1851624A29BC900DE117E /* AboutViewController.swift */; };
		36C426B620FD43C300061D8F /* StatisticsViewController.swift in Sources */ = {isa = PBXBuildFile; fileRef = 36C426B520FD43C300061D8F /* StatisticsViewController.swift */; };
		36C69ECF1D80A5DE0072CFFA /* SystemConfiguration.framework in Frameworks */ = {isa = PBXBuildFile; fileRef = 8429E1491D2C494300920987 /* SystemConfiguration.framework */; };
		36D9AC4D22FD559200BE4DAD /* OverallController.swift in Sources */ = {isa = PBXBuildFile; fileRef = 36D9AC4C22FD559200BE4DAD /* OverallController.swift */; };
		36DD592A20F183BD007248B7 /* QuizSetupViewController.swift in Sources */ = {isa = PBXBuildFile; fileRef = 36DD592920F183BD007248B7 /* QuizSetupViewController.swift */; };
		36DFEBEA1DDCDDD200DF333D /* MainView.swift in Sources */ = {isa = PBXBuildFile; fileRef = 36DFEBE91DDCDDD200DF333D /* MainView.swift */; };
		36F5B09720E16C7C003AA258 /* Problem.swift in Sources */ = {isa = PBXBuildFile; fileRef = 36F5B09620E16C7C003AA258 /* Problem.swift */; };
		36FE163B1E42C44600566F9E /* SummaryHeaderView.swift in Sources */ = {isa = PBXBuildFile; fileRef = 36FE163A1E42C44600566F9E /* SummaryHeaderView.swift */; };
		45F91BD81E81C86500E26D3D /* org.iolani.inhouse.KnowYourAngles.c in Sources */ = {isa = PBXBuildFile; fileRef = 45F91BD71E81C86500E26D3D /* org.iolani.inhouse.KnowYourAngles.c */; };
		8422E9C21D35BF9500F33978 /* FirstViewController.swift in Sources */ = {isa = PBXBuildFile; fileRef = 8422E9C11D35BF9500F33978 /* FirstViewController.swift */; };
		8429E1191D2C481500920987 /* AppDelegate.swift in Sources */ = {isa = PBXBuildFile; fileRef = 8429E1181D2C481500920987 /* AppDelegate.swift */; };
		8429E11B1D2C481500920987 /* ViewController.swift in Sources */ = {isa = PBXBuildFile; fileRef = 8429E11A1D2C481500920987 /* ViewController.swift */; };
		8429E11E1D2C481500920987 /* Main.storyboard in Resources */ = {isa = PBXBuildFile; fileRef = 8429E11C1D2C481500920987 /* Main.storyboard */; };
		8429E1201D2C481500920987 /* Assets.xcassets in Resources */ = {isa = PBXBuildFile; fileRef = 8429E11F1D2C481500920987 /* Assets.xcassets */; };
		8429E1231D2C481500920987 /* LaunchScreen.storyboard in Resources */ = {isa = PBXBuildFile; fileRef = 8429E1211D2C481500920987 /* LaunchScreen.storyboard */; };
		8429E1391D2C481600920987 /* KnowYourAnglesUITests.swift in Sources */ = {isa = PBXBuildFile; fileRef = 8429E1381D2C481600920987 /* KnowYourAnglesUITests.swift */; };
		84461B4B1D308F1000BA997E /* FinishScreenViewController.swift in Sources */ = {isa = PBXBuildFile; fileRef = 84461B4A1D308F1000BA997E /* FinishScreenViewController.swift */; };
		84C3E8221D2DC75300750751 /* SettingsViewController.swift in Sources */ = {isa = PBXBuildFile; fileRef = 84C3E8211D2DC75300750751 /* SettingsViewController.swift */; };
		E3501E4126A76FEF0058BF10 /* AboutView.swift in Sources */ = {isa = PBXBuildFile; fileRef = E3501E4026A76FEF0058BF10 /* AboutView.swift */; };
		E3501E4326A77FAE0058BF10 /* BackgroundColor.swift in Sources */ = {isa = PBXBuildFile; fileRef = E3501E4226A77FAE0058BF10 /* BackgroundColor.swift */; };
		E35BF86926A8AAE000D82817 /* PlayView.swift in Sources */ = {isa = PBXBuildFile; fileRef = E35BF86826A8AAE000D82817 /* PlayView.swift */; };
		E3A065ABC0C1E325751F83F0 /* libPods-KnowYourAngles.a in Frameworks */ = {isa = PBXBuildFile; fileRef = 2F60615B28EA6C5D571DD704 /* libPods-KnowYourAngles.a */; };
		E3EEA04826A55220002AFFF2 /* KnowYourAnglesApp.swift in Sources */ = {isa = PBXBuildFile; fileRef = E3EEA04726A55220002AFFF2 /* KnowYourAnglesApp.swift */; };
		E3EEA04A26A55498002AFFF2 /* MenuView.swift in Sources */ = {isa = PBXBuildFile; fileRef = E3EEA04926A55498002AFFF2 /* MenuView.swift */; };
/* End PBXBuildFile section */

/* Begin PBXContainerItemProxy section */
		8429E12A1D2C481500920987 /* PBXContainerItemProxy */ = {
			isa = PBXContainerItemProxy;
			containerPortal = 8429E10D1D2C481500920987 /* Project object */;
			proxyType = 1;
			remoteGlobalIDString = 8429E1141D2C481500920987;
			remoteInfo = KnowYourAngles;
		};
		8429E1351D2C481600920987 /* PBXContainerItemProxy */ = {
			isa = PBXContainerItemProxy;
			containerPortal = 8429E10D1D2C481500920987 /* Project object */;
			proxyType = 1;
			remoteGlobalIDString = 8429E1141D2C481500920987;
			remoteInfo = KnowYourAngles;
		};
/* End PBXContainerItemProxy section */

/* Begin PBXFileReference section */
		29BAE113618DEB8747BEBC04 /* Pods-KnowYourAngles.release.xcconfig */ = {isa = PBXFileReference; includeInIndex = 1; lastKnownFileType = text.xcconfig; name = "Pods-KnowYourAngles.release.xcconfig"; path = "Target Support Files/Pods-KnowYourAngles/Pods-KnowYourAngles.release.xcconfig"; sourceTree = "<group>"; };
		2F60615B28EA6C5D571DD704 /* libPods-KnowYourAngles.a */ = {isa = PBXFileReference; explicitFileType = archive.ar; includeInIndex = 0; path = "libPods-KnowYourAngles.a"; sourceTree = BUILT_PRODUCTS_DIR; };
		363BE51622AF29B4002BA369 /* INFO */ = {isa = PBXFileReference; lastKnownFileType = folder; path = INFO; sourceTree = "<group>"; };
		363BE51822AF29C7002BA369 /* recognition-assets */ = {isa = PBXFileReference; lastKnownFileType = folder; path = "recognition-assets"; sourceTree = "<group>"; };
		3661E5B81E0E1BD900601402 /* CoreData.framework */ = {isa = PBXFileReference; lastKnownFileType = wrapper.framework; name = CoreData.framework; path = System/Library/Frameworks/CoreData.framework; sourceTree = SDKROOT; };
		36919FBA1E405B43000A7647 /* SummaryCell.swift */ = {isa = PBXFileReference; fileEncoding = 4; lastKnownFileType = sourcecode.swift; path = SummaryCell.swift; sourceTree = "<group>"; };
		36919FBC1E406478000A7647 /* SummaryCollectionViewController.swift */ = {isa = PBXFileReference; fileEncoding = 4; lastKnownFileType = sourcecode.swift; path = SummaryCollectionViewController.swift; sourceTree = "<group>"; };
		36919FBE1E406E6E000A7647 /* SummaryCollectionView.swift */ = {isa = PBXFileReference; fileEncoding = 4; lastKnownFileType = sourcecode.swift; path = SummaryCollectionView.swift; sourceTree = "<group>"; };
		36969D691DFD290F00F95635 /* MainViewDataSource.swift */ = {isa = PBXFileReference; fileEncoding = 4; lastKnownFileType = sourcecode.swift; path = MainViewDataSource.swift; sourceTree = "<group>"; };
		36B51E3A2112B8ED00AD4095 /* StudyMode.swift */ = {isa = PBXFileReference; lastKnownFileType = sourcecode.swift; path = StudyMode.swift; sourceTree = "<group>"; };
		36B51E3C2112BDD600AD4095 /* StudyView.swift */ = {isa = PBXFileReference; lastKnownFileType = sourcecode.swift; path = StudyView.swift; sourceTree = "<group>"; };
		36C1851624A29BC900DE117E /* AboutViewController.swift */ = {isa = PBXFileReference; lastKnownFileType = sourcecode.swift; path = AboutViewController.swift; sourceTree = "<group>"; };
		36C426B520FD43C300061D8F /* StatisticsViewController.swift */ = {isa = PBXFileReference; lastKnownFileType = sourcecode.swift; path = StatisticsViewController.swift; sourceTree = "<group>"; };
		36D9AC4C22FD559200BE4DAD /* OverallController.swift */ = {isa = PBXFileReference; lastKnownFileType = sourcecode.swift; path = OverallController.swift; sourceTree = "<group>"; };
		36DD592920F183BD007248B7 /* QuizSetupViewController.swift */ = {isa = PBXFileReference; lastKnownFileType = sourcecode.swift; path = QuizSetupViewController.swift; sourceTree = "<group>"; };
		36DFEBE91DDCDDD200DF333D /* MainView.swift */ = {isa = PBXFileReference; fileEncoding = 4; lastKnownFileType = sourcecode.swift; path = MainView.swift; sourceTree = "<group>"; };
		36E5079D20E1E8CF0045D0CD /* STIXSizThreeSymBol.otf */ = {isa = PBXFileReference; lastKnownFileType = file; path = STIXSizThreeSymBol.otf; sourceTree = "<group>"; };
		36E5079E20E1E8CF0045D0CD /* STIXSizOneSymBol.otf */ = {isa = PBXFileReference; lastKnownFileType = file; path = STIXSizOneSymBol.otf; sourceTree = "<group>"; };
		36E5079F20E1E8CF0045D0CD /* STIXGeneralItalic.ttf */ = {isa = PBXFileReference; lastKnownFileType = file; path = STIXGeneralItalic.ttf; sourceTree = "<group>"; };
		36E507A020E1E8CF0045D0CD /* STIXSizTwoSymBol.otf */ = {isa = PBXFileReference; lastKnownFileType = file; path = STIXSizTwoSymBol.otf; sourceTree = "<group>"; };
		36F5B09620E16C7C003AA258 /* Problem.swift */ = {isa = PBXFileReference; lastKnownFileType = sourcecode.swift; path = Problem.swift; sourceTree = "<group>"; };
		36FE163A1E42C44600566F9E /* SummaryHeaderView.swift */ = {isa = PBXFileReference; fileEncoding = 4; lastKnownFileType = sourcecode.swift; path = SummaryHeaderView.swift; sourceTree = "<group>"; };
		45F91BD71E81C86500E26D3D /* org.iolani.inhouse.KnowYourAngles.c */ = {isa = PBXFileReference; fileEncoding = 4; lastKnownFileType = sourcecode.c.c; path = org.iolani.inhouse.KnowYourAngles.c; sourceTree = "<group>"; };
		840180CA1D2C562400CB794B /* MyCertificate.h */ = {isa = PBXFileReference; fileEncoding = 4; lastKnownFileType = sourcecode.c.h; path = MyCertificate.h; sourceTree = "<group>"; };
		8422E9C11D35BF9500F33978 /* FirstViewController.swift */ = {isa = PBXFileReference; fileEncoding = 4; lastKnownFileType = sourcecode.swift; path = FirstViewController.swift; sourceTree = "<group>"; };
		8429E1151D2C481500920987 /* KnowYourAngles.app */ = {isa = PBXFileReference; explicitFileType = wrapper.application; includeInIndex = 0; path = KnowYourAngles.app; sourceTree = BUILT_PRODUCTS_DIR; };
		8429E1181D2C481500920987 /* AppDelegate.swift */ = {isa = PBXFileReference; lastKnownFileType = sourcecode.swift; path = AppDelegate.swift; sourceTree = "<group>"; };
		8429E11A1D2C481500920987 /* ViewController.swift */ = {isa = PBXFileReference; lastKnownFileType = sourcecode.swift; path = ViewController.swift; sourceTree = "<group>"; };
		8429E11D1D2C481500920987 /* Base */ = {isa = PBXFileReference; lastKnownFileType = file.storyboard; name = Base; path = Base.lproj/Main.storyboard; sourceTree = "<group>"; };
		8429E11F1D2C481500920987 /* Assets.xcassets */ = {isa = PBXFileReference; lastKnownFileType = folder.assetcatalog; path = Assets.xcassets; sourceTree = "<group>"; };
		8429E1221D2C481500920987 /* Base */ = {isa = PBXFileReference; lastKnownFileType = file.storyboard; name = Base; path = Base.lproj/LaunchScreen.storyboard; sourceTree = "<group>"; };
		8429E1241D2C481500920987 /* Info.plist */ = {isa = PBXFileReference; lastKnownFileType = text.plist.xml; path = Info.plist; sourceTree = "<group>"; };
		8429E1291D2C481500920987 /* KnowYourAnglesTests.xctest */ = {isa = PBXFileReference; explicitFileType = wrapper.cfbundle; includeInIndex = 0; path = KnowYourAnglesTests.xctest; sourceTree = BUILT_PRODUCTS_DIR; };
		8429E12D1D2C481500920987 /* KnowYourAnglesTests.swift */ = {isa = PBXFileReference; lastKnownFileType = sourcecode.swift; path = KnowYourAnglesTests.swift; sourceTree = "<group>"; };
		8429E12F1D2C481500920987 /* Info.plist */ = {isa = PBXFileReference; lastKnownFileType = text.plist.xml; path = Info.plist; sourceTree = "<group>"; };
		8429E1341D2C481600920987 /* KnowYourAnglesUITests.xctest */ = {isa = PBXFileReference; explicitFileType = wrapper.cfbundle; includeInIndex = 0; path = KnowYourAnglesUITests.xctest; sourceTree = BUILT_PRODUCTS_DIR; };
		8429E1381D2C481600920987 /* KnowYourAnglesUITests.swift */ = {isa = PBXFileReference; lastKnownFileType = sourcecode.swift; path = KnowYourAnglesUITests.swift; sourceTree = "<group>"; };
		8429E13A1D2C481600920987 /* Info.plist */ = {isa = PBXFileReference; lastKnownFileType = text.plist.xml; path = Info.plist; sourceTree = "<group>"; };
		8429E1461D2C484E00920987 /* KnowYourAngles-Bridging-Header.h */ = {isa = PBXFileReference; lastKnownFileType = sourcecode.c.h; path = "KnowYourAngles-Bridging-Header.h"; sourceTree = SOURCE_ROOT; };
		8429E1491D2C494300920987 /* SystemConfiguration.framework */ = {isa = PBXFileReference; lastKnownFileType = wrapper.framework; name = SystemConfiguration.framework; path = System/Library/Frameworks/SystemConfiguration.framework; sourceTree = SDKROOT; };
		84461B4A1D308F1000BA997E /* FinishScreenViewController.swift */ = {isa = PBXFileReference; fileEncoding = 4; lastKnownFileType = sourcecode.swift; path = FinishScreenViewController.swift; sourceTree = "<group>"; };
		84C3E8211D2DC75300750751 /* SettingsViewController.swift */ = {isa = PBXFileReference; fileEncoding = 4; lastKnownFileType = sourcecode.swift; path = SettingsViewController.swift; sourceTree = "<group>"; };
		BD61C04C9EF0A95C06AA4808 /* Pods-KnowYourAngles.debug.xcconfig */ = {isa = PBXFileReference; includeInIndex = 1; lastKnownFileType = text.xcconfig; name = "Pods-KnowYourAngles.debug.xcconfig"; path = "Target Support Files/Pods-KnowYourAngles/Pods-KnowYourAngles.debug.xcconfig"; sourceTree = "<group>"; };
		E3501E4026A76FEF0058BF10 /* AboutView.swift */ = {isa = PBXFileReference; lastKnownFileType = sourcecode.swift; path = AboutView.swift; sourceTree = "<group>"; };
		E3501E4226A77FAE0058BF10 /* BackgroundColor.swift */ = {isa = PBXFileReference; lastKnownFileType = sourcecode.swift; path = BackgroundColor.swift; sourceTree = "<group>"; };
		E35BF86826A8AAE000D82817 /* PlayView.swift */ = {isa = PBXFileReference; lastKnownFileType = sourcecode.swift; path = PlayView.swift; sourceTree = "<group>"; };
		E3EEA04726A55220002AFFF2 /* KnowYourAnglesApp.swift */ = {isa = PBXFileReference; lastKnownFileType = sourcecode.swift; path = KnowYourAnglesApp.swift; sourceTree = "<group>"; };
		E3EEA04926A55498002AFFF2 /* MenuView.swift */ = {isa = PBXFileReference; lastKnownFileType = sourcecode.swift; path = MenuView.swift; sourceTree = "<group>"; };
/* End PBXFileReference section */

/* Begin PBXFrameworksBuildPhase section */
		8429E1121D2C481500920987 /* Frameworks */ = {
			isa = PBXFrameworksBuildPhase;
			buildActionMask = 2147483647;
			files = (
				3661E5B91E0E1BD900601402 /* CoreData.framework in Frameworks */,
				36C69ECF1D80A5DE0072CFFA /* SystemConfiguration.framework in Frameworks */,
				E3A065ABC0C1E325751F83F0 /* libPods-KnowYourAngles.a in Frameworks */,
			);
			runOnlyForDeploymentPostprocessing = 0;
		};
		8429E1261D2C481500920987 /* Frameworks */ = {
			isa = PBXFrameworksBuildPhase;
			buildActionMask = 2147483647;
			files = (
			);
			runOnlyForDeploymentPostprocessing = 0;
		};
		8429E1311D2C481600920987 /* Frameworks */ = {
			isa = PBXFrameworksBuildPhase;
			buildActionMask = 2147483647;
			files = (
			);
			runOnlyForDeploymentPostprocessing = 0;
		};
/* End PBXFrameworksBuildPhase section */

/* Begin PBXGroup section */
		360FE7AF23029FE000D998A8 /* StudyMode */ = {
			isa = PBXGroup;
			children = (
				36B51E3A2112B8ED00AD4095 /* StudyMode.swift */,
				36B51E3C2112BDD600AD4095 /* StudyView.swift */,
			);
			path = StudyMode;
			sourceTree = "<group>";
		};
		360FE7B02302A0BB00D998A8 /* QuizMode */ = {
			isa = PBXGroup;
			children = (
				36DD592920F183BD007248B7 /* QuizSetupViewController.swift */,
				8429E11A1D2C481500920987 /* ViewController.swift */,
				36DFEBE91DDCDDD200DF333D /* MainView.swift */,
			);
			path = QuizMode;
			sourceTree = "<group>";
		};
		363BE51522AF23B8002BA369 /* Resources */ = {
			isa = PBXGroup;
			children = (
				363BE51822AF29C7002BA369 /* recognition-assets */,
				363BE51622AF29B4002BA369 /* INFO */,
			);
			path = Resources;
			sourceTree = "<group>";
		};
		366B07E920DC25210083B0C1 /* MyScriptCertificate */ = {
			isa = PBXGroup;
			children = (
				45F91BD71E81C86500E26D3D /* org.iolani.inhouse.KnowYourAngles.c */,
				840180CA1D2C562400CB794B /* MyCertificate.h */,
			);
			path = MyScriptCertificate;
			sourceTree = "<group>";
		};
		366B07EB20DC264E0083B0C1 /* Statistics */ = {
			isa = PBXGroup;
			children = (
				36C426B520FD43C300061D8F /* StatisticsViewController.swift */,
			);
			path = Statistics;
			sourceTree = "<group>";
		};
		366B07EC20DC26A10083B0C1 /* Summary */ = {
			isa = PBXGroup;
			children = (
				36919FBA1E405B43000A7647 /* SummaryCell.swift */,
				36919FBC1E406478000A7647 /* SummaryCollectionViewController.swift */,
				36919FBE1E406E6E000A7647 /* SummaryCollectionView.swift */,
				36FE163A1E42C44600566F9E /* SummaryHeaderView.swift */,
			);
			path = Summary;
			sourceTree = "<group>";
		};
		366B07ED20DC272D0083B0C1 /* Settings */ = {
			isa = PBXGroup;
			children = (
				84C3E8211D2DC75300750751 /* SettingsViewController.swift */,
			);
			path = Settings;
			sourceTree = "<group>";
		};
		36E507A120E1E8F10045D0CD /* Fonts */ = {
			isa = PBXGroup;
			children = (
				36E5079F20E1E8CF0045D0CD /* STIXGeneralItalic.ttf */,
				36E5079E20E1E8CF0045D0CD /* STIXSizOneSymBol.otf */,
				36E5079D20E1E8CF0045D0CD /* STIXSizThreeSymBol.otf */,
				36E507A020E1E8CF0045D0CD /* STIXSizTwoSymBol.otf */,
			);
			path = Fonts;
			sourceTree = "<group>";
		};
		8429E10C1D2C481500920987 = {
			isa = PBXGroup;
			children = (
				3661E5B81E0E1BD900601402 /* CoreData.framework */,
				8429E1491D2C494300920987 /* SystemConfiguration.framework */,
				8429E1171D2C481500920987 /* KnowYourAngles */,
				8429E12C1D2C481500920987 /* KnowYourAnglesTests */,
				8429E1371D2C481600920987 /* KnowYourAnglesUITests */,
				8429E1161D2C481500920987 /* Products */,
				A84C561C0D9756B273D361DE /* Pods */,
				CE40A85F3124825B05A24AE4 /* Frameworks */,
			);
			sourceTree = "<group>";
		};
		8429E1161D2C481500920987 /* Products */ = {
			isa = PBXGroup;
			children = (
				8429E1151D2C481500920987 /* KnowYourAngles.app */,
				8429E1291D2C481500920987 /* KnowYourAnglesTests.xctest */,
				8429E1341D2C481600920987 /* KnowYourAnglesUITests.xctest */,
			);
			name = Products;
			sourceTree = "<group>";
		};
		8429E1171D2C481500920987 /* KnowYourAngles */ = {
			isa = PBXGroup;
			children = (
				363BE51522AF23B8002BA369 /* Resources */,
				36E507A120E1E8F10045D0CD /* Fonts */,
				366B07ED20DC272D0083B0C1 /* Settings */,
				366B07EC20DC26A10083B0C1 /* Summary */,
				366B07EB20DC264E0083B0C1 /* Statistics */,
				8429E1241D2C481500920987 /* Info.plist */,
				366B07E920DC25210083B0C1 /* MyScriptCertificate */,
				8429E1461D2C484E00920987 /* KnowYourAngles-Bridging-Header.h */,
				8429E1181D2C481500920987 /* AppDelegate.swift */,
				36D9AC4C22FD559200BE4DAD /* OverallController.swift */,
				8429E11C1D2C481500920987 /* Main.storyboard */,
				36C1851624A29BC900DE117E /* AboutViewController.swift */,
				360FE7AF23029FE000D998A8 /* StudyMode */,
				8429E11F1D2C481500920987 /* Assets.xcassets */,
				8429E1211D2C481500920987 /* LaunchScreen.storyboard */,
				84461B4A1D308F1000BA997E /* FinishScreenViewController.swift */,
				8422E9C11D35BF9500F33978 /* FirstViewController.swift */,
				360FE7B02302A0BB00D998A8 /* QuizMode */,
				36969D691DFD290F00F95635 /* MainViewDataSource.swift */,
				36F5B09620E16C7C003AA258 /* Problem.swift */,
				E3EEA04726A55220002AFFF2 /* KnowYourAnglesApp.swift */,
				E3EEA04926A55498002AFFF2 /* MenuView.swift */,
				E3501E4026A76FEF0058BF10 /* AboutView.swift */,
				E3501E4226A77FAE0058BF10 /* BackgroundColor.swift */,
				E35BF86826A8AAE000D82817 /* PlayView.swift */,
			);
			path = KnowYourAngles;
			sourceTree = "<group>";
		};
		8429E12C1D2C481500920987 /* KnowYourAnglesTests */ = {
			isa = PBXGroup;
			children = (
				8429E12D1D2C481500920987 /* KnowYourAnglesTests.swift */,
				8429E12F1D2C481500920987 /* Info.plist */,
			);
			path = KnowYourAnglesTests;
			sourceTree = "<group>";
		};
		8429E1371D2C481600920987 /* KnowYourAnglesUITests */ = {
			isa = PBXGroup;
			children = (
				8429E1381D2C481600920987 /* KnowYourAnglesUITests.swift */,
				8429E13A1D2C481600920987 /* Info.plist */,
			);
			path = KnowYourAnglesUITests;
			sourceTree = "<group>";
		};
		A84C561C0D9756B273D361DE /* Pods */ = {
			isa = PBXGroup;
			children = (
				BD61C04C9EF0A95C06AA4808 /* Pods-KnowYourAngles.debug.xcconfig */,
				29BAE113618DEB8747BEBC04 /* Pods-KnowYourAngles.release.xcconfig */,
			);
			path = Pods;
			sourceTree = "<group>";
		};
		CE40A85F3124825B05A24AE4 /* Frameworks */ = {
			isa = PBXGroup;
			children = (
				2F60615B28EA6C5D571DD704 /* libPods-KnowYourAngles.a */,
			);
			name = Frameworks;
			sourceTree = "<group>";
		};
/* End PBXGroup section */

/* Begin PBXNativeTarget section */
		8429E1141D2C481500920987 /* KnowYourAngles */ = {
			isa = PBXNativeTarget;
			buildConfigurationList = 8429E13D1D2C481600920987 /* Build configuration list for PBXNativeTarget "KnowYourAngles" */;
			buildPhases = (
				63F4CBFB616B4B644EE360D1 /* [CP] Check Pods Manifest.lock */,
				8429E1111D2C481500920987 /* Sources */,
				8429E1121D2C481500920987 /* Frameworks */,
				8429E1131D2C481500920987 /* Resources */,
				36D8981A1E2EAF450079FADE /* ShellScript */,
			);
			buildRules = (
			);
			dependencies = (
			);
			name = KnowYourAngles;
			productName = KnowYourAngles;
			productReference = 8429E1151D2C481500920987 /* KnowYourAngles.app */;
			productType = "com.apple.product-type.application";
		};
		8429E1281D2C481500920987 /* KnowYourAnglesTests */ = {
			isa = PBXNativeTarget;
			buildConfigurationList = 8429E1401D2C481600920987 /* Build configuration list for PBXNativeTarget "KnowYourAnglesTests" */;
			buildPhases = (
				8429E1251D2C481500920987 /* Sources */,
				8429E1261D2C481500920987 /* Frameworks */,
				8429E1271D2C481500920987 /* Resources */,
			);
			buildRules = (
			);
			dependencies = (
				8429E12B1D2C481500920987 /* PBXTargetDependency */,
			);
			name = KnowYourAnglesTests;
			productName = KnowYourAnglesTests;
			productReference = 8429E1291D2C481500920987 /* KnowYourAnglesTests.xctest */;
			productType = "com.apple.product-type.bundle.unit-test";
		};
		8429E1331D2C481600920987 /* KnowYourAnglesUITests */ = {
			isa = PBXNativeTarget;
			buildConfigurationList = 8429E1431D2C481600920987 /* Build configuration list for PBXNativeTarget "KnowYourAnglesUITests" */;
			buildPhases = (
				8429E1301D2C481600920987 /* Sources */,
				8429E1311D2C481600920987 /* Frameworks */,
				8429E1321D2C481600920987 /* Resources */,
			);
			buildRules = (
			);
			dependencies = (
				8429E1361D2C481600920987 /* PBXTargetDependency */,
			);
			name = KnowYourAnglesUITests;
			productName = KnowYourAnglesUITests;
			productReference = 8429E1341D2C481600920987 /* KnowYourAnglesUITests.xctest */;
			productType = "com.apple.product-type.bundle.ui-testing";
		};
/* End PBXNativeTarget section */

/* Begin PBXProject section */
		8429E10D1D2C481500920987 /* Project object */ = {
			isa = PBXProject;
			attributes = {
				LastSwiftUpdateCheck = 0720;
				LastUpgradeCheck = 1200;
				ORGANIZATIONNAME = "Iolani School";
				TargetAttributes = {
					8429E1141D2C481500920987 = {
						CreatedOnToolsVersion = 7.2;
						DevelopmentTeam = JP7JGNH77T;
						LastSwiftMigration = 1020;
					};
					8429E1281D2C481500920987 = {
						CreatedOnToolsVersion = 7.2;
						LastSwiftMigration = 0900;
						TestTargetID = 8429E1141D2C481500920987;
					};
					8429E1331D2C481600920987 = {
						CreatedOnToolsVersion = 7.2;
						LastSwiftMigration = 1020;
						TestTargetID = 8429E1141D2C481500920987;
					};
				};
			};
			buildConfigurationList = 8429E1101D2C481500920987 /* Build configuration list for PBXProject "KnowYourAngles" */;
			compatibilityVersion = "Xcode 3.2";
			developmentRegion = en;
			hasScannedForEncodings = 0;
			knownRegions = (
				en,
				Base,
			);
			mainGroup = 8429E10C1D2C481500920987;
			productRefGroup = 8429E1161D2C481500920987 /* Products */;
			projectDirPath = "";
			projectRoot = "";
			targets = (
				8429E1141D2C481500920987 /* KnowYourAngles */,
				8429E1281D2C481500920987 /* KnowYourAnglesTests */,
				8429E1331D2C481600920987 /* KnowYourAnglesUITests */,
			);
		};
/* End PBXProject section */

/* Begin PBXResourcesBuildPhase section */
		8429E1131D2C481500920987 /* Resources */ = {
			isa = PBXResourcesBuildPhase;
			buildActionMask = 2147483647;
			files = (
				8429E1231D2C481500920987 /* LaunchScreen.storyboard in Resources */,
				363BE51922AF29C7002BA369 /* recognition-assets in Resources */,
				8429E1201D2C481500920987 /* Assets.xcassets in Resources */,
				363BE51722AF29B4002BA369 /* INFO in Resources */,
				8429E11E1D2C481500920987 /* Main.storyboard in Resources */,
			);
			runOnlyForDeploymentPostprocessing = 0;
		};
		8429E1271D2C481500920987 /* Resources */ = {
			isa = PBXResourcesBuildPhase;
			buildActionMask = 2147483647;
			files = (
			);
			runOnlyForDeploymentPostprocessing = 0;
		};
		8429E1321D2C481600920987 /* Resources */ = {
			isa = PBXResourcesBuildPhase;
			buildActionMask = 2147483647;
			files = (
			);
			runOnlyForDeploymentPostprocessing = 0;
		};
/* End PBXResourcesBuildPhase section */

/* Begin PBXShellScriptBuildPhase section */
		36D8981A1E2EAF450079FADE /* ShellScript */ = {
			isa = PBXShellScriptBuildPhase;
			buildActionMask = 2147483647;
			files = (
			);
			inputPaths = (
			);
			outputPaths = (
			);
			runOnlyForDeploymentPostprocessing = 0;
			shellPath = /bin/sh;
			shellScript = "GIT_RELEASE_VERSION=$(git describe --tags --always --dirty)\nCOMMITS=$(git rev-list HEAD | wc -l)\nCOMMITS=$(($COMMITS))\ndefaults write \"${BUILT_PRODUCTS_DIR}/${INFOPLIST_PATH%.*}\" \"CFBundleShortVersionString\" \"${GIT_RELEASE_VERSION#*v}\"\ndefaults write \"${BUILT_PRODUCTS_DIR}/${INFOPLIST_PATH%.*}\" \"CFBundleVersion\" \"${COMMITS}\"\n";
		};
		63F4CBFB616B4B644EE360D1 /* [CP] Check Pods Manifest.lock */ = {
			isa = PBXShellScriptBuildPhase;
			buildActionMask = 2147483647;
			files = (
			);
			inputFileListPaths = (
			);
			inputPaths = (
				"${PODS_PODFILE_DIR_PATH}/Podfile.lock",
				"${PODS_ROOT}/Manifest.lock",
			);
			name = "[CP] Check Pods Manifest.lock";
			outputFileListPaths = (
			);
			outputPaths = (
				"$(DERIVED_FILE_DIR)/Pods-KnowYourAngles-checkManifestLockResult.txt",
			);
			runOnlyForDeploymentPostprocessing = 0;
			shellPath = /bin/sh;
			shellScript = "diff \"${PODS_PODFILE_DIR_PATH}/Podfile.lock\" \"${PODS_ROOT}/Manifest.lock\" > /dev/null\nif [ $? != 0 ] ; then\n    # print error to STDERR\n    echo \"error: The sandbox is not in sync with the Podfile.lock. Run 'pod install' or update your CocoaPods installation.\" >&2\n    exit 1\nfi\n# This output is used by Xcode 'outputs' to avoid re-running this script phase.\necho \"SUCCESS\" > \"${SCRIPT_OUTPUT_FILE_0}\"\n";
			showEnvVarsInLog = 0;
		};
/* End PBXShellScriptBuildPhase section */

/* Begin PBXSourcesBuildPhase section */
		8429E1111D2C481500920987 /* Sources */ = {
			isa = PBXSourcesBuildPhase;
			buildActionMask = 2147483647;
			files = (
				36B51E3B2112B8ED00AD4095 /* StudyMode.swift in Sources */,
				8429E11B1D2C481500920987 /* ViewController.swift in Sources */,
				E3501E4126A76FEF0058BF10 /* AboutView.swift in Sources */,
				45F91BD81E81C86500E26D3D /* org.iolani.inhouse.KnowYourAngles.c in Sources */,
				E3EEA04826A55220002AFFF2 /* KnowYourAnglesApp.swift in Sources */,
				36919FBB1E405B43000A7647 /* SummaryCell.swift in Sources */,
				36DFEBEA1DDCDDD200DF333D /* MainView.swift in Sources */,
				36B51E3D2112BDD600AD4095 /* StudyView.swift in Sources */,
				E3EEA04A26A55498002AFFF2 /* MenuView.swift in Sources */,
				36F5B09720E16C7C003AA258 /* Problem.swift in Sources */,
				8429E1191D2C481500920987 /* AppDelegate.swift in Sources */,
				36919FBD1E406478000A7647 /* SummaryCollectionViewController.swift in Sources */,
				36C1851724A29BC900DE117E /* AboutViewController.swift in Sources */,
				36919FBF1E406E6E000A7647 /* SummaryCollectionView.swift in Sources */,
				36DD592A20F183BD007248B7 /* QuizSetupViewController.swift in Sources */,
				36C426B620FD43C300061D8F /* StatisticsViewController.swift in Sources */,
				E3501E4326A77FAE0058BF10 /* BackgroundColor.swift in Sources */,
				84461B4B1D308F1000BA997E /* FinishScreenViewController.swift in Sources */,
				E35BF86926A8AAE000D82817 /* PlayView.swift in Sources */,
				36D9AC4D22FD559200BE4DAD /* OverallController.swift in Sources */,
				84C3E8221D2DC75300750751 /* SettingsViewController.swift in Sources */,
				36969D6A1DFD290F00F95635 /* MainViewDataSource.swift in Sources */,
				8422E9C21D35BF9500F33978 /* FirstViewController.swift in Sources */,
				36FE163B1E42C44600566F9E /* SummaryHeaderView.swift in Sources */,
			);
			runOnlyForDeploymentPostprocessing = 0;
		};
		8429E1251D2C481500920987 /* Sources */ = {
			isa = PBXSourcesBuildPhase;
			buildActionMask = 2147483647;
			files = (
			);
			runOnlyForDeploymentPostprocessing = 0;
		};
		8429E1301D2C481600920987 /* Sources */ = {
			isa = PBXSourcesBuildPhase;
			buildActionMask = 2147483647;
			files = (
				8429E1391D2C481600920987 /* KnowYourAnglesUITests.swift in Sources */,
			);
			runOnlyForDeploymentPostprocessing = 0;
		};
/* End PBXSourcesBuildPhase section */

/* Begin PBXTargetDependency section */
		8429E12B1D2C481500920987 /* PBXTargetDependency */ = {
			isa = PBXTargetDependency;
			target = 8429E1141D2C481500920987 /* KnowYourAngles */;
			targetProxy = 8429E12A1D2C481500920987 /* PBXContainerItemProxy */;
		};
		8429E1361D2C481600920987 /* PBXTargetDependency */ = {
			isa = PBXTargetDependency;
			target = 8429E1141D2C481500920987 /* KnowYourAngles */;
			targetProxy = 8429E1351D2C481600920987 /* PBXContainerItemProxy */;
		};
/* End PBXTargetDependency section */

/* Begin PBXVariantGroup section */
		8429E11C1D2C481500920987 /* Main.storyboard */ = {
			isa = PBXVariantGroup;
			children = (
				8429E11D1D2C481500920987 /* Base */,
			);
			name = Main.storyboard;
			sourceTree = "<group>";
		};
		8429E1211D2C481500920987 /* LaunchScreen.storyboard */ = {
			isa = PBXVariantGroup;
			children = (
				8429E1221D2C481500920987 /* Base */,
			);
			name = LaunchScreen.storyboard;
			sourceTree = "<group>";
		};
/* End PBXVariantGroup section */

/* Begin XCBuildConfiguration section */
		8429E13B1D2C481600920987 /* Debug */ = {
			isa = XCBuildConfiguration;
			buildSettings = {
				ALWAYS_SEARCH_USER_PATHS = NO;
				CLANG_ANALYZER_LOCALIZABILITY_NONLOCALIZED = YES;
				CLANG_CXX_LANGUAGE_STANDARD = "gnu++0x";
				CLANG_CXX_LIBRARY = "libc++";
				CLANG_ENABLE_MODULES = YES;
				CLANG_ENABLE_OBJC_ARC = YES;
				CLANG_WARN_BLOCK_CAPTURE_AUTORELEASING = YES;
				CLANG_WARN_BOOL_CONVERSION = YES;
				CLANG_WARN_COMMA = YES;
				CLANG_WARN_CONSTANT_CONVERSION = YES;
				CLANG_WARN_DEPRECATED_OBJC_IMPLEMENTATIONS = YES;
				CLANG_WARN_DIRECT_OBJC_ISA_USAGE = YES_ERROR;
				CLANG_WARN_EMPTY_BODY = YES;
				CLANG_WARN_ENUM_CONVERSION = YES;
				CLANG_WARN_INFINITE_RECURSION = YES;
				CLANG_WARN_INT_CONVERSION = YES;
				CLANG_WARN_NON_LITERAL_NULL_CONVERSION = YES;
				CLANG_WARN_OBJC_IMPLICIT_RETAIN_SELF = YES;
				CLANG_WARN_OBJC_LITERAL_CONVERSION = YES;
				CLANG_WARN_OBJC_ROOT_CLASS = YES_ERROR;
				CLANG_WARN_QUOTED_INCLUDE_IN_FRAMEWORK_HEADER = YES;
				CLANG_WARN_RANGE_LOOP_ANALYSIS = YES;
				CLANG_WARN_STRICT_PROTOTYPES = YES;
				CLANG_WARN_SUSPICIOUS_MOVE = YES;
				CLANG_WARN_UNREACHABLE_CODE = YES;
				CLANG_WARN__DUPLICATE_METHOD_MATCH = YES;
				"CODE_SIGN_IDENTITY[sdk=iphoneos*]" = "iPhone Developer";
				COPY_PHASE_STRIP = NO;
				DEBUG_INFORMATION_FORMAT = dwarf;
				ENABLE_STRICT_OBJC_MSGSEND = YES;
				ENABLE_TESTABILITY = YES;
				FRAMEWORK_SEARCH_PATHS = "";
				GCC_C_LANGUAGE_STANDARD = gnu99;
				GCC_DYNAMIC_NO_PIC = NO;
				GCC_NO_COMMON_BLOCKS = YES;
				GCC_OPTIMIZATION_LEVEL = 0;
				GCC_PREPROCESSOR_DEFINITIONS = (
					"DEBUG=1",
					"$(inherited)",
				);
				GCC_WARN_64_TO_32_BIT_CONVERSION = YES;
				GCC_WARN_ABOUT_RETURN_TYPE = YES_ERROR;
				GCC_WARN_UNDECLARED_SELECTOR = YES;
				GCC_WARN_UNINITIALIZED_AUTOS = YES_AGGRESSIVE;
				GCC_WARN_UNUSED_FUNCTION = YES;
				GCC_WARN_UNUSED_VARIABLE = YES;
				HEADER_SEARCH_PATHS = "";
				IPHONEOS_DEPLOYMENT_TARGET = 12.0;
				MTL_ENABLE_DEBUG_INFO = YES;
				ONLY_ACTIVE_ARCH = YES;
				OTHER_LDFLAGS = "$(inherited)";
				OTHER_SWIFT_FLAGS = "";
				SDKROOT = iphoneos;
				SWIFT_OPTIMIZATION_LEVEL = "-Onone";
				SWIFT_VERSION = 4.2;
				SYSTEM_FRAMEWORK_SEARCH_PATHS = "";
				TARGETED_DEVICE_FAMILY = "1,2";
			};
			name = Debug;
		};
		8429E13C1D2C481600920987 /* Release */ = {
			isa = XCBuildConfiguration;
			buildSettings = {
				ALWAYS_SEARCH_USER_PATHS = NO;
				CLANG_ANALYZER_LOCALIZABILITY_NONLOCALIZED = YES;
				CLANG_CXX_LANGUAGE_STANDARD = "gnu++0x";
				CLANG_CXX_LIBRARY = "libc++";
				CLANG_ENABLE_MODULES = YES;
				CLANG_ENABLE_OBJC_ARC = YES;
				CLANG_WARN_BLOCK_CAPTURE_AUTORELEASING = YES;
				CLANG_WARN_BOOL_CONVERSION = YES;
				CLANG_WARN_COMMA = YES;
				CLANG_WARN_CONSTANT_CONVERSION = YES;
				CLANG_WARN_DEPRECATED_OBJC_IMPLEMENTATIONS = YES;
				CLANG_WARN_DIRECT_OBJC_ISA_USAGE = YES_ERROR;
				CLANG_WARN_EMPTY_BODY = YES;
				CLANG_WARN_ENUM_CONVERSION = YES;
				CLANG_WARN_INFINITE_RECURSION = YES;
				CLANG_WARN_INT_CONVERSION = YES;
				CLANG_WARN_NON_LITERAL_NULL_CONVERSION = YES;
				CLANG_WARN_OBJC_IMPLICIT_RETAIN_SELF = YES;
				CLANG_WARN_OBJC_LITERAL_CONVERSION = YES;
				CLANG_WARN_OBJC_ROOT_CLASS = YES_ERROR;
				CLANG_WARN_QUOTED_INCLUDE_IN_FRAMEWORK_HEADER = YES;
				CLANG_WARN_RANGE_LOOP_ANALYSIS = YES;
				CLANG_WARN_STRICT_PROTOTYPES = YES;
				CLANG_WARN_SUSPICIOUS_MOVE = YES;
				CLANG_WARN_UNREACHABLE_CODE = YES;
				CLANG_WARN__DUPLICATE_METHOD_MATCH = YES;
				"CODE_SIGN_IDENTITY[sdk=iphoneos*]" = "iPhone Developer";
				COPY_PHASE_STRIP = NO;
				DEBUG_INFORMATION_FORMAT = "dwarf-with-dsym";
				ENABLE_NS_ASSERTIONS = NO;
				ENABLE_STRICT_OBJC_MSGSEND = YES;
				FRAMEWORK_SEARCH_PATHS = "";
				GCC_C_LANGUAGE_STANDARD = gnu99;
				GCC_NO_COMMON_BLOCKS = YES;
				GCC_WARN_64_TO_32_BIT_CONVERSION = YES;
				GCC_WARN_ABOUT_RETURN_TYPE = YES_ERROR;
				GCC_WARN_UNDECLARED_SELECTOR = YES;
				GCC_WARN_UNINITIALIZED_AUTOS = YES_AGGRESSIVE;
				GCC_WARN_UNUSED_FUNCTION = YES;
				GCC_WARN_UNUSED_VARIABLE = YES;
				HEADER_SEARCH_PATHS = "";
				IPHONEOS_DEPLOYMENT_TARGET = 12.0;
				MTL_ENABLE_DEBUG_INFO = NO;
				OTHER_LDFLAGS = "$(inherited)";
				OTHER_SWIFT_FLAGS = "";
				SDKROOT = iphoneos;
				SWIFT_OPTIMIZATION_LEVEL = "-Owholemodule";
				SWIFT_VERSION = 4.2;
				SYSTEM_FRAMEWORK_SEARCH_PATHS = "";
				TARGETED_DEVICE_FAMILY = "1,2";
				VALIDATE_PRODUCT = YES;
			};
			name = Release;
		};
		8429E13E1D2C481600920987 /* Debug */ = {
			isa = XCBuildConfiguration;
			baseConfigurationReference = BD61C04C9EF0A95C06AA4808 /* Pods-KnowYourAngles.debug.xcconfig */;
			buildSettings = {
				ALWAYS_EMBED_SWIFT_STANDARD_LIBRARIES = "$(inherited)";
				ASSETCATALOG_COMPILER_APPICON_NAME = AppIcon;
				CLANG_ALLOW_NON_MODULAR_INCLUDES_IN_FRAMEWORK_MODULES = YES;
				CLANG_ENABLE_MODULES = YES;
				CODE_SIGN_IDENTITY = "iPhone Developer";
				"CODE_SIGN_IDENTITY[sdk=iphoneos*]" = "iPhone Developer";
				DEBUG_INFORMATION_FORMAT = "dwarf-with-dsym";
				FRAMEWORK_SEARCH_PATHS = "$(inherited)";
				HEADER_SEARCH_PATHS = "$(inherited)";
				INFOPLIST_FILE = KnowYourAngles/Info.plist;
				IPHONEOS_DEPLOYMENT_TARGET = 14.1;
				LD_RUNPATH_SEARCH_PATHS = "$(inherited) @executable_path/Frameworks";
				LIBRARY_SEARCH_PATHS = (
					"$(inherited)",
					"\"${PODS_ROOT}/MyScriptInteractiveInk-Runtime\"",
				);
				MACH_O_TYPE = mh_execute;
				OTHER_LDFLAGS = "$(inherited)";
				PRODUCT_BUNDLE_IDENTIFIER = org.iolani.inhouse.KnowYourAngles;
				PRODUCT_NAME = "$(TARGET_NAME)";
				PROVISIONING_PROFILE = "";
				SWIFT_OBJC_BRIDGING_HEADER = "KnowYourAngles-Bridging-Header.h";
				SWIFT_OPTIMIZATION_LEVEL = "-Onone";
				SWIFT_VERSION = 5.0;
				TARGETED_DEVICE_FAMILY = "1,2";
				USER_HEADER_SEARCH_PATHS = "${PODS_ROOT}/**";
			};
			name = Debug;
		};
		8429E13F1D2C481600920987 /* Release */ = {
			isa = XCBuildConfiguration;
			baseConfigurationReference = 29BAE113618DEB8747BEBC04 /* Pods-KnowYourAngles.release.xcconfig */;
			buildSettings = {
				ALWAYS_EMBED_SWIFT_STANDARD_LIBRARIES = "$(inherited)";
				ASSETCATALOG_COMPILER_APPICON_NAME = AppIcon;
				CLANG_ALLOW_NON_MODULAR_INCLUDES_IN_FRAMEWORK_MODULES = YES;
				CLANG_ENABLE_MODULES = YES;
				CODE_SIGN_IDENTITY = "iPhone Developer";
				"CODE_SIGN_IDENTITY[sdk=iphoneos*]" = "iPhone Developer";
				FRAMEWORK_SEARCH_PATHS = "$(inherited)";
				HEADER_SEARCH_PATHS = "$(inherited)";
				INFOPLIST_FILE = KnowYourAngles/Info.plist;
				IPHONEOS_DEPLOYMENT_TARGET = 14.1;
				LD_RUNPATH_SEARCH_PATHS = "$(inherited) @executable_path/Frameworks";
				LIBRARY_SEARCH_PATHS = (
					"$(inherited)",
					"\"${PODS_ROOT}/MyScriptInteractiveInk-Runtime\"",
				);
				MACH_O_TYPE = mh_execute;
				OTHER_LDFLAGS = "$(inherited)";
				PRODUCT_BUNDLE_IDENTIFIER = org.iolani.inhouse.KnowYourAngles;
				PRODUCT_NAME = "$(TARGET_NAME)";
				PROVISIONING_PROFILE = "";
				SWIFT_OBJC_BRIDGING_HEADER = "KnowYourAngles-Bridging-Header.h";
				SWIFT_VERSION = 5.0;
				TARGETED_DEVICE_FAMILY = "1,2";
				USER_HEADER_SEARCH_PATHS = "${PODS_ROOT}/**";
			};
			name = Release;
		};
		8429E1411D2C481600920987 /* Debug */ = {
			isa = XCBuildConfiguration;
			buildSettings = {
				BUNDLE_LOADER = "$(TEST_HOST)";
				INFOPLIST_FILE = KnowYourAnglesTests/Info.plist;
				LD_RUNPATH_SEARCH_PATHS = "$(inherited) @executable_path/Frameworks @loader_path/Frameworks";
				PRODUCT_BUNDLE_IDENTIFIER = org.iolani.KnowYourAnglesTests;
				PRODUCT_NAME = "$(TARGET_NAME)";
				SWIFT_SWIFT3_OBJC_INFERENCE = Default;
				SWIFT_VERSION = 4.0;
				TEST_HOST = "$(BUILT_PRODUCTS_DIR)/KnowYourAngles.app/KnowYourAngles";
			};
			name = Debug;
		};
		8429E1421D2C481600920987 /* Release */ = {
			isa = XCBuildConfiguration;
			buildSettings = {
				BUNDLE_LOADER = "$(TEST_HOST)";
				INFOPLIST_FILE = KnowYourAnglesTests/Info.plist;
				LD_RUNPATH_SEARCH_PATHS = "$(inherited) @executable_path/Frameworks @loader_path/Frameworks";
				PRODUCT_BUNDLE_IDENTIFIER = org.iolani.KnowYourAnglesTests;
				PRODUCT_NAME = "$(TARGET_NAME)";
				SWIFT_SWIFT3_OBJC_INFERENCE = Default;
				SWIFT_VERSION = 4.0;
				TEST_HOST = "$(BUILT_PRODUCTS_DIR)/KnowYourAngles.app/KnowYourAngles";
			};
			name = Release;
		};
		8429E1441D2C481600920987 /* Debug */ = {
			isa = XCBuildConfiguration;
			buildSettings = {
				INFOPLIST_FILE = KnowYourAnglesUITests/Info.plist;
				LD_RUNPATH_SEARCH_PATHS = "$(inherited) @executable_path/Frameworks @loader_path/Frameworks";
				PRODUCT_BUNDLE_IDENTIFIER = org.iolani.KnowYourAnglesUITests;
				PRODUCT_NAME = "$(TARGET_NAME)";
				SWIFT_VERSION = 5.0;
				TEST_TARGET_NAME = KnowYourAngles;
				USES_XCTRUNNER = YES;
			};
			name = Debug;
		};
		8429E1451D2C481600920987 /* Release */ = {
			isa = XCBuildConfiguration;
			buildSettings = {
				INFOPLIST_FILE = KnowYourAnglesUITests/Info.plist;
				LD_RUNPATH_SEARCH_PATHS = "$(inherited) @executable_path/Frameworks @loader_path/Frameworks";
				PRODUCT_BUNDLE_IDENTIFIER = org.iolani.KnowYourAnglesUITests;
				PRODUCT_NAME = "$(TARGET_NAME)";
				SWIFT_VERSION = 5.0;
				TEST_TARGET_NAME = KnowYourAngles;
				USES_XCTRUNNER = YES;
			};
			name = Release;
		};
/* End XCBuildConfiguration section */

/* Begin XCConfigurationList section */
		8429E1101D2C481500920987 /* Build configuration list for PBXProject "KnowYourAngles" */ = {
			isa = XCConfigurationList;
			buildConfigurations = (
				8429E13B1D2C481600920987 /* Debug */,
				8429E13C1D2C481600920987 /* Release */,
			);
			defaultConfigurationIsVisible = 0;
			defaultConfigurationName = Release;
		};
		8429E13D1D2C481600920987 /* Build configuration list for PBXNativeTarget "KnowYourAngles" */ = {
			isa = XCConfigurationList;
			buildConfigurations = (
				8429E13E1D2C481600920987 /* Debug */,
				8429E13F1D2C481600920987 /* Release */,
			);
			defaultConfigurationIsVisible = 0;
			defaultConfigurationName = Release;
		};
		8429E1401D2C481600920987 /* Build configuration list for PBXNativeTarget "KnowYourAnglesTests" */ = {
			isa = XCConfigurationList;
			buildConfigurations = (
				8429E1411D2C481600920987 /* Debug */,
				8429E1421D2C481600920987 /* Release */,
			);
			defaultConfigurationIsVisible = 0;
			defaultConfigurationName = Release;
		};
		8429E1431D2C481600920987 /* Build configuration list for PBXNativeTarget "KnowYourAnglesUITests" */ = {
			isa = XCConfigurationList;
			buildConfigurations = (
				8429E1441D2C481600920987 /* Debug */,
				8429E1451D2C481600920987 /* Release */,
			);
			defaultConfigurationIsVisible = 0;
			defaultConfigurationName = Release;
		};
/* End XCConfigurationList section */
	};
	rootObject = 8429E10D1D2C481500920987 /* Project object */;
}
